
Microsoft Visual Studio Solution File, Format Version 12.00
# Visual Studio 15
VisualStudioVersion = 15.0.26430.6
MinimumVisualStudioVersion = 10.0.40219.1
Project("{FAE04EC0-301F-11D3-BF4B-00C04F79EFBC}") = "DailyStatus", "DailyStatus\DailyStatus.csproj", "{3AC0A652-CD16-424D-B2E6-12D3B221109F}"
EndProject
Project("{FAE04EC0-301F-11D3-BF4B-00C04F79EFBC}") = "DailyStatusTests", "DailyStatusTests\DailyStatusTests.csproj", "{E8A8136A-3B8A-407B-9CEF-F4E7B5E7869E}"
EndProject
Project("{2150E333-8FDC-42A3-9474-1A3956D46DE8}") = "dlls", "dlls", "{6F4383CC-D7A8-4978-A60D-3ECD69079414}"
	ProjectSection(SolutionItems) = preProject
		dlls\Toggl.Multivac.dll = dlls\Toggl.Multivac.dll
		dlls\Toggl.Ultrawave.dll = dlls\Toggl.Ultrawave.dll
	EndProjectSection
EndProject
Global
	GlobalSection(SolutionConfigurationPlatforms) = preSolution
		Debug|Any CPU = Debug|Any CPU
		Release|Any CPU = Release|Any CPU
	EndGlobalSection
	GlobalSection(ProjectConfigurationPlatforms) = postSolution
		{3AC0A652-CD16-424D-B2E6-12D3B221109F}.Debug|Any CPU.ActiveCfg = Debug|Any CPU
		{3AC0A652-CD16-424D-B2E6-12D3B221109F}.Debug|Any CPU.Build.0 = Debug|Any CPU
		{3AC0A652-CD16-424D-B2E6-12D3B221109F}.Release|Any CPU.ActiveCfg = Release|Any CPU
		{3AC0A652-CD16-424D-B2E6-12D3B221109F}.Release|Any CPU.Build.0 = Release|Any CPU
		{E8A8136A-3B8A-407B-9CEF-F4E7B5E7869E}.Debug|Any CPU.ActiveCfg = Debug|Any CPU
		{E8A8136A-3B8A-407B-9CEF-F4E7B5E7869E}.Debug|Any CPU.Build.0 = Debug|Any CPU
		{E8A8136A-3B8A-407B-9CEF-F4E7B5E7869E}.Release|Any CPU.ActiveCfg = Release|Any CPU
		{E8A8136A-3B8A-407B-9CEF-F4E7B5E7869E}.Release|Any CPU.Build.0 = Release|Any CPU
	EndGlobalSection
	GlobalSection(SolutionProperties) = preSolution
		HideSolutionNode = FALSE
	EndGlobalSection
	GlobalSection(ExtensibilityGlobals) = postSolution
		SolutionGuid = {BB50A4AA-E2F8-4B5F-B68F-EE9BB6F3C440}
	EndGlobalSection
EndGlobal
