
Microsoft Visual Studio Solution File, Format Version 12.00
# Visual Studio 15
VisualStudioVersion = 15.0.26430.6
MinimumVisualStudioVersion = 10.0.40219.1
Project("{2150E333-8FDC-42A3-9474-1A3956D46DE8}") = "Ultrawave", "Ultrawave", "{0BA4407E-0470-4496-A80B-DE311A40A385}"
EndProject
Project("{2150E333-8FDC-42A3-9474-1A3956D46DE8}") = "Multivac", "Multivac", "{128F799A-3060-4D72-9F14-93620F25E5E3}"
EndProject
Project("{9A19103F-16F7-4668-BE54-9A1E7A4F7556}") = "Toggl.Multivac", "toggl\Toggl.Multivac\Toggl.Multivac.csproj", "{6AF7BE5E-AF9D-4EA7-AF7F-28D07B8DEF24}"
EndProject
Project("{9A19103F-16F7-4668-BE54-9A1E7A4F7556}") = "Toggl.Multivac.Tests", "toggl\Toggl.Multivac.Tests\Toggl.Multivac.Tests.csproj", "{E90E4D61-D55E-4185-AE9E-C8977140694A}"
EndProject
Project("{9A19103F-16F7-4668-BE54-9A1E7A4F7556}") = "Toggl.Ultrawave", "toggl\Toggl.Ultrawave\Toggl.Ultrawave.csproj", "{5ACEB155-9DD4-4309-BCC9-997A09950393}"
EndProject
Project("{9A19103F-16F7-4668-BE54-9A1E7A4F7556}") = "Toggl.Ultrawave.Tests", "toggl\Toggl.Ultrawave.Tests\Toggl.Ultrawave.Tests.csproj", "{8598D5CB-4E3A-4F99-8E80-CC4EA8609ED8}"
EndProject
Project("{9A19103F-16F7-4668-BE54-9A1E7A4F7556}") = "Toggl.Ultrawave.Tests.Integration", "toggl\Toggl.Ultrawave.Tests.Integration\Toggl.Ultrawave.Tests.Integration.csproj", "{C400D1A6-5DC5-4A92-8DD0-FF272D0D1189}"
EndProject
Project("{2150E333-8FDC-42A3-9474-1A3956D46DE8}") = "Solution Items", "Solution Items", "{C5E5EAF5-9AAD-4C5A-BAA7-09770D54C43C}"
	ProjectSection(SolutionItems) = preProject
		toggl\Toggl.sln = toggl\Toggl.sln
	EndProjectSection
EndProject
Project("{2150E333-8FDC-42A3-9474-1A3956D46DE8}") = "Toggl", "Toggl", "{3F0F9AF5-998D-4F72-870E-A78DCECEA64F}"
EndProject
Project("{FAE04EC0-301F-11D3-BF4B-00C04F79EFBC}") = "DailyStatus", "DailyStatus\DailyStatus.csproj", "{3AC0A652-CD16-424D-B2E6-12D3B221109F}"
EndProject
Global
	GlobalSection(SolutionConfigurationPlatforms) = preSolution
		ApiTests|Any CPU = ApiTests|Any CPU
		ApiTests|iPhone = ApiTests|iPhone
		ApiTests|iPhoneSimulator = ApiTests|iPhoneSimulator
		Debug|Any CPU = Debug|Any CPU
		Debug|iPhone = Debug|iPhone
		Debug|iPhoneSimulator = Debug|iPhoneSimulator
		Release.AdHoc.Giskard|Any CPU = Release.AdHoc.Giskard|Any CPU
		Release.AdHoc.Giskard|iPhone = Release.AdHoc.Giskard|iPhone
		Release.AdHoc.Giskard|iPhoneSimulator = Release.AdHoc.Giskard|iPhoneSimulator
		Release.AdHoc|Any CPU = Release.AdHoc|Any CPU
		Release.AdHoc|iPhone = Release.AdHoc|iPhone
		Release.AdHoc|iPhoneSimulator = Release.AdHoc|iPhoneSimulator
		Release.AppStore|Any CPU = Release.AppStore|Any CPU
		Release.AppStore|iPhone = Release.AppStore|iPhone
		Release.AppStore|iPhoneSimulator = Release.AppStore|iPhoneSimulator
		Release.PlayStore|Any CPU = Release.PlayStore|Any CPU
		Release.PlayStore|iPhone = Release.PlayStore|iPhone
		Release.PlayStore|iPhoneSimulator = Release.PlayStore|iPhoneSimulator
		Release.TestFlight|Any CPU = Release.TestFlight|Any CPU
		Release.TestFlight|iPhone = Release.TestFlight|iPhone
		Release.TestFlight|iPhoneSimulator = Release.TestFlight|iPhoneSimulator
		Release|Any CPU = Release|Any CPU
		Release|iPhone = Release|iPhone
		Release|iPhoneSimulator = Release|iPhoneSimulator
		UnitTests|Any CPU = UnitTests|Any CPU
		UnitTests|iPhone = UnitTests|iPhone
		UnitTests|iPhoneSimulator = UnitTests|iPhoneSimulator
	EndGlobalSection
	GlobalSection(ProjectConfigurationPlatforms) = postSolution
		{6AF7BE5E-AF9D-4EA7-AF7F-28D07B8DEF24}.ApiTests|Any CPU.ActiveCfg = Debug|Any CPU
		{6AF7BE5E-AF9D-4EA7-AF7F-28D07B8DEF24}.ApiTests|Any CPU.Build.0 = Debug|Any CPU
		{6AF7BE5E-AF9D-4EA7-AF7F-28D07B8DEF24}.ApiTests|iPhone.ActiveCfg = Release|Any CPU
		{6AF7BE5E-AF9D-4EA7-AF7F-28D07B8DEF24}.ApiTests|iPhone.Build.0 = Release|Any CPU
		{6AF7BE5E-AF9D-4EA7-AF7F-28D07B8DEF24}.ApiTests|iPhoneSimulator.ActiveCfg = Release|Any CPU
		{6AF7BE5E-AF9D-4EA7-AF7F-28D07B8DEF24}.ApiTests|iPhoneSimulator.Build.0 = Release|Any CPU
		{6AF7BE5E-AF9D-4EA7-AF7F-28D07B8DEF24}.Debug|Any CPU.ActiveCfg = Debug|Any CPU
		{6AF7BE5E-AF9D-4EA7-AF7F-28D07B8DEF24}.Debug|Any CPU.Build.0 = Debug|Any CPU
		{6AF7BE5E-AF9D-4EA7-AF7F-28D07B8DEF24}.Debug|iPhone.ActiveCfg = Debug|Any CPU
		{6AF7BE5E-AF9D-4EA7-AF7F-28D07B8DEF24}.Debug|iPhone.Build.0 = Debug|Any CPU
		{6AF7BE5E-AF9D-4EA7-AF7F-28D07B8DEF24}.Debug|iPhoneSimulator.ActiveCfg = Debug|Any CPU
		{6AF7BE5E-AF9D-4EA7-AF7F-28D07B8DEF24}.Debug|iPhoneSimulator.Build.0 = Debug|Any CPU
		{6AF7BE5E-AF9D-4EA7-AF7F-28D07B8DEF24}.Release.AdHoc.Giskard|Any CPU.ActiveCfg = Release|Any CPU
		{6AF7BE5E-AF9D-4EA7-AF7F-28D07B8DEF24}.Release.AdHoc.Giskard|Any CPU.Build.0 = Release|Any CPU
		{6AF7BE5E-AF9D-4EA7-AF7F-28D07B8DEF24}.Release.AdHoc.Giskard|iPhone.ActiveCfg = Release|Any CPU
		{6AF7BE5E-AF9D-4EA7-AF7F-28D07B8DEF24}.Release.AdHoc.Giskard|iPhone.Build.0 = Release|Any CPU
		{6AF7BE5E-AF9D-4EA7-AF7F-28D07B8DEF24}.Release.AdHoc.Giskard|iPhoneSimulator.ActiveCfg = Release|Any CPU
		{6AF7BE5E-AF9D-4EA7-AF7F-28D07B8DEF24}.Release.AdHoc.Giskard|iPhoneSimulator.Build.0 = Release|Any CPU
		{6AF7BE5E-AF9D-4EA7-AF7F-28D07B8DEF24}.Release.AdHoc|Any CPU.ActiveCfg = Release|Any CPU
		{6AF7BE5E-AF9D-4EA7-AF7F-28D07B8DEF24}.Release.AdHoc|Any CPU.Build.0 = Release|Any CPU
		{6AF7BE5E-AF9D-4EA7-AF7F-28D07B8DEF24}.Release.AdHoc|iPhone.ActiveCfg = Release|Any CPU
		{6AF7BE5E-AF9D-4EA7-AF7F-28D07B8DEF24}.Release.AdHoc|iPhone.Build.0 = Release|Any CPU
		{6AF7BE5E-AF9D-4EA7-AF7F-28D07B8DEF24}.Release.AdHoc|iPhoneSimulator.ActiveCfg = Release|Any CPU
		{6AF7BE5E-AF9D-4EA7-AF7F-28D07B8DEF24}.Release.AdHoc|iPhoneSimulator.Build.0 = Release|Any CPU
		{6AF7BE5E-AF9D-4EA7-AF7F-28D07B8DEF24}.Release.AppStore|Any CPU.ActiveCfg = Release|Any CPU
		{6AF7BE5E-AF9D-4EA7-AF7F-28D07B8DEF24}.Release.AppStore|Any CPU.Build.0 = Release|Any CPU
		{6AF7BE5E-AF9D-4EA7-AF7F-28D07B8DEF24}.Release.AppStore|iPhone.ActiveCfg = Release|Any CPU
		{6AF7BE5E-AF9D-4EA7-AF7F-28D07B8DEF24}.Release.AppStore|iPhone.Build.0 = Release|Any CPU
		{6AF7BE5E-AF9D-4EA7-AF7F-28D07B8DEF24}.Release.AppStore|iPhoneSimulator.ActiveCfg = Release|Any CPU
		{6AF7BE5E-AF9D-4EA7-AF7F-28D07B8DEF24}.Release.AppStore|iPhoneSimulator.Build.0 = Release|Any CPU
		{6AF7BE5E-AF9D-4EA7-AF7F-28D07B8DEF24}.Release.PlayStore|Any CPU.ActiveCfg = Release|Any CPU
		{6AF7BE5E-AF9D-4EA7-AF7F-28D07B8DEF24}.Release.PlayStore|Any CPU.Build.0 = Release|Any CPU
		{6AF7BE5E-AF9D-4EA7-AF7F-28D07B8DEF24}.Release.PlayStore|iPhone.ActiveCfg = Release|Any CPU
		{6AF7BE5E-AF9D-4EA7-AF7F-28D07B8DEF24}.Release.PlayStore|iPhone.Build.0 = Release|Any CPU
		{6AF7BE5E-AF9D-4EA7-AF7F-28D07B8DEF24}.Release.PlayStore|iPhoneSimulator.ActiveCfg = Release|Any CPU
		{6AF7BE5E-AF9D-4EA7-AF7F-28D07B8DEF24}.Release.PlayStore|iPhoneSimulator.Build.0 = Release|Any CPU
		{6AF7BE5E-AF9D-4EA7-AF7F-28D07B8DEF24}.Release.TestFlight|Any CPU.ActiveCfg = Release|Any CPU
		{6AF7BE5E-AF9D-4EA7-AF7F-28D07B8DEF24}.Release.TestFlight|Any CPU.Build.0 = Release|Any CPU
		{6AF7BE5E-AF9D-4EA7-AF7F-28D07B8DEF24}.Release.TestFlight|iPhone.ActiveCfg = Release|Any CPU
		{6AF7BE5E-AF9D-4EA7-AF7F-28D07B8DEF24}.Release.TestFlight|iPhone.Build.0 = Release|Any CPU
		{6AF7BE5E-AF9D-4EA7-AF7F-28D07B8DEF24}.Release.TestFlight|iPhoneSimulator.ActiveCfg = Release|Any CPU
		{6AF7BE5E-AF9D-4EA7-AF7F-28D07B8DEF24}.Release.TestFlight|iPhoneSimulator.Build.0 = Release|Any CPU
		{6AF7BE5E-AF9D-4EA7-AF7F-28D07B8DEF24}.Release|Any CPU.ActiveCfg = Release|Any CPU
		{6AF7BE5E-AF9D-4EA7-AF7F-28D07B8DEF24}.Release|Any CPU.Build.0 = Release|Any CPU
		{6AF7BE5E-AF9D-4EA7-AF7F-28D07B8DEF24}.Release|iPhone.ActiveCfg = Release|Any CPU
		{6AF7BE5E-AF9D-4EA7-AF7F-28D07B8DEF24}.Release|iPhone.Build.0 = Release|Any CPU
		{6AF7BE5E-AF9D-4EA7-AF7F-28D07B8DEF24}.Release|iPhoneSimulator.ActiveCfg = Release|Any CPU
		{6AF7BE5E-AF9D-4EA7-AF7F-28D07B8DEF24}.Release|iPhoneSimulator.Build.0 = Release|Any CPU
		{6AF7BE5E-AF9D-4EA7-AF7F-28D07B8DEF24}.UnitTests|Any CPU.ActiveCfg = Debug|Any CPU
		{6AF7BE5E-AF9D-4EA7-AF7F-28D07B8DEF24}.UnitTests|Any CPU.Build.0 = Debug|Any CPU
		{6AF7BE5E-AF9D-4EA7-AF7F-28D07B8DEF24}.UnitTests|iPhone.ActiveCfg = Release|Any CPU
		{6AF7BE5E-AF9D-4EA7-AF7F-28D07B8DEF24}.UnitTests|iPhone.Build.0 = Release|Any CPU
		{6AF7BE5E-AF9D-4EA7-AF7F-28D07B8DEF24}.UnitTests|iPhoneSimulator.ActiveCfg = Release|Any CPU
		{6AF7BE5E-AF9D-4EA7-AF7F-28D07B8DEF24}.UnitTests|iPhoneSimulator.Build.0 = Release|Any CPU
		{E90E4D61-D55E-4185-AE9E-C8977140694A}.ApiTests|Any CPU.ActiveCfg = Debug|Any CPU
		{E90E4D61-D55E-4185-AE9E-C8977140694A}.ApiTests|Any CPU.Build.0 = Debug|Any CPU
		{E90E4D61-D55E-4185-AE9E-C8977140694A}.ApiTests|iPhone.ActiveCfg = Release|Any CPU
		{E90E4D61-D55E-4185-AE9E-C8977140694A}.ApiTests|iPhone.Build.0 = Release|Any CPU
		{E90E4D61-D55E-4185-AE9E-C8977140694A}.ApiTests|iPhoneSimulator.ActiveCfg = Release|Any CPU
		{E90E4D61-D55E-4185-AE9E-C8977140694A}.ApiTests|iPhoneSimulator.Build.0 = Release|Any CPU
		{E90E4D61-D55E-4185-AE9E-C8977140694A}.Debug|Any CPU.ActiveCfg = Debug|Any CPU
		{E90E4D61-D55E-4185-AE9E-C8977140694A}.Debug|Any CPU.Build.0 = Debug|Any CPU
		{E90E4D61-D55E-4185-AE9E-C8977140694A}.Debug|iPhone.ActiveCfg = Debug|Any CPU
		{E90E4D61-D55E-4185-AE9E-C8977140694A}.Debug|iPhone.Build.0 = Debug|Any CPU
		{E90E4D61-D55E-4185-AE9E-C8977140694A}.Debug|iPhoneSimulator.ActiveCfg = Debug|Any CPU
		{E90E4D61-D55E-4185-AE9E-C8977140694A}.Debug|iPhoneSimulator.Build.0 = Debug|Any CPU
		{E90E4D61-D55E-4185-AE9E-C8977140694A}.Release.AdHoc.Giskard|Any CPU.ActiveCfg = Debug|Any CPU
		{E90E4D61-D55E-4185-AE9E-C8977140694A}.Release.AdHoc.Giskard|iPhone.ActiveCfg = Release|Any CPU
		{E90E4D61-D55E-4185-AE9E-C8977140694A}.Release.AdHoc.Giskard|iPhone.Build.0 = Release|Any CPU
		{E90E4D61-D55E-4185-AE9E-C8977140694A}.Release.AdHoc.Giskard|iPhoneSimulator.ActiveCfg = Release|Any CPU
		{E90E4D61-D55E-4185-AE9E-C8977140694A}.Release.AdHoc.Giskard|iPhoneSimulator.Build.0 = Release|Any CPU
		{E90E4D61-D55E-4185-AE9E-C8977140694A}.Release.AdHoc|Any CPU.ActiveCfg = Debug|Any CPU
		{E90E4D61-D55E-4185-AE9E-C8977140694A}.Release.AdHoc|iPhone.ActiveCfg = Release|Any CPU
		{E90E4D61-D55E-4185-AE9E-C8977140694A}.Release.AdHoc|iPhone.Build.0 = Release|Any CPU
		{E90E4D61-D55E-4185-AE9E-C8977140694A}.Release.AdHoc|iPhoneSimulator.ActiveCfg = Release|Any CPU
		{E90E4D61-D55E-4185-AE9E-C8977140694A}.Release.AdHoc|iPhoneSimulator.Build.0 = Release|Any CPU
		{E90E4D61-D55E-4185-AE9E-C8977140694A}.Release.AppStore|Any CPU.ActiveCfg = Release|Any CPU
		{E90E4D61-D55E-4185-AE9E-C8977140694A}.Release.AppStore|iPhone.ActiveCfg = Release|Any CPU
		{E90E4D61-D55E-4185-AE9E-C8977140694A}.Release.AppStore|iPhone.Build.0 = Release|Any CPU
		{E90E4D61-D55E-4185-AE9E-C8977140694A}.Release.AppStore|iPhoneSimulator.ActiveCfg = Release|Any CPU
		{E90E4D61-D55E-4185-AE9E-C8977140694A}.Release.AppStore|iPhoneSimulator.Build.0 = Release|Any CPU
		{E90E4D61-D55E-4185-AE9E-C8977140694A}.Release.PlayStore|Any CPU.ActiveCfg = Debug|Any CPU
		{E90E4D61-D55E-4185-AE9E-C8977140694A}.Release.PlayStore|iPhone.ActiveCfg = Release|Any CPU
		{E90E4D61-D55E-4185-AE9E-C8977140694A}.Release.PlayStore|iPhone.Build.0 = Release|Any CPU
		{E90E4D61-D55E-4185-AE9E-C8977140694A}.Release.PlayStore|iPhoneSimulator.ActiveCfg = Release|Any CPU
		{E90E4D61-D55E-4185-AE9E-C8977140694A}.Release.PlayStore|iPhoneSimulator.Build.0 = Release|Any CPU
		{E90E4D61-D55E-4185-AE9E-C8977140694A}.Release.TestFlight|Any CPU.ActiveCfg = Release|Any CPU
		{E90E4D61-D55E-4185-AE9E-C8977140694A}.Release.TestFlight|Any CPU.Build.0 = Release|Any CPU
		{E90E4D61-D55E-4185-AE9E-C8977140694A}.Release.TestFlight|iPhone.ActiveCfg = Release|Any CPU
		{E90E4D61-D55E-4185-AE9E-C8977140694A}.Release.TestFlight|iPhone.Build.0 = Release|Any CPU
		{E90E4D61-D55E-4185-AE9E-C8977140694A}.Release.TestFlight|iPhoneSimulator.ActiveCfg = Release|Any CPU
		{E90E4D61-D55E-4185-AE9E-C8977140694A}.Release.TestFlight|iPhoneSimulator.Build.0 = Release|Any CPU
		{E90E4D61-D55E-4185-AE9E-C8977140694A}.Release|Any CPU.ActiveCfg = Release|Any CPU
		{E90E4D61-D55E-4185-AE9E-C8977140694A}.Release|Any CPU.Build.0 = Release|Any CPU
		{E90E4D61-D55E-4185-AE9E-C8977140694A}.Release|iPhone.ActiveCfg = Release|Any CPU
		{E90E4D61-D55E-4185-AE9E-C8977140694A}.Release|iPhone.Build.0 = Release|Any CPU
		{E90E4D61-D55E-4185-AE9E-C8977140694A}.Release|iPhoneSimulator.ActiveCfg = Release|Any CPU
		{E90E4D61-D55E-4185-AE9E-C8977140694A}.Release|iPhoneSimulator.Build.0 = Release|Any CPU
		{E90E4D61-D55E-4185-AE9E-C8977140694A}.UnitTests|Any CPU.ActiveCfg = Debug|Any CPU
		{E90E4D61-D55E-4185-AE9E-C8977140694A}.UnitTests|Any CPU.Build.0 = Debug|Any CPU
		{E90E4D61-D55E-4185-AE9E-C8977140694A}.UnitTests|iPhone.ActiveCfg = Release|Any CPU
		{E90E4D61-D55E-4185-AE9E-C8977140694A}.UnitTests|iPhone.Build.0 = Release|Any CPU
		{E90E4D61-D55E-4185-AE9E-C8977140694A}.UnitTests|iPhoneSimulator.ActiveCfg = Release|Any CPU
		{E90E4D61-D55E-4185-AE9E-C8977140694A}.UnitTests|iPhoneSimulator.Build.0 = Release|Any CPU
		{5ACEB155-9DD4-4309-BCC9-997A09950393}.ApiTests|Any CPU.ActiveCfg = Debug|Any CPU
		{5ACEB155-9DD4-4309-BCC9-997A09950393}.ApiTests|Any CPU.Build.0 = Debug|Any CPU
		{5ACEB155-9DD4-4309-BCC9-997A09950393}.ApiTests|iPhone.ActiveCfg = Release|Any CPU
		{5ACEB155-9DD4-4309-BCC9-997A09950393}.ApiTests|iPhone.Build.0 = Release|Any CPU
		{5ACEB155-9DD4-4309-BCC9-997A09950393}.ApiTests|iPhoneSimulator.ActiveCfg = Release|Any CPU
		{5ACEB155-9DD4-4309-BCC9-997A09950393}.ApiTests|iPhoneSimulator.Build.0 = Release|Any CPU
		{5ACEB155-9DD4-4309-BCC9-997A09950393}.Debug|Any CPU.ActiveCfg = Debug|Any CPU
		{5ACEB155-9DD4-4309-BCC9-997A09950393}.Debug|Any CPU.Build.0 = Debug|Any CPU
		{5ACEB155-9DD4-4309-BCC9-997A09950393}.Debug|iPhone.ActiveCfg = Debug|Any CPU
		{5ACEB155-9DD4-4309-BCC9-997A09950393}.Debug|iPhone.Build.0 = Debug|Any CPU
		{5ACEB155-9DD4-4309-BCC9-997A09950393}.Debug|iPhoneSimulator.ActiveCfg = Debug|Any CPU
		{5ACEB155-9DD4-4309-BCC9-997A09950393}.Debug|iPhoneSimulator.Build.0 = Debug|Any CPU
		{5ACEB155-9DD4-4309-BCC9-997A09950393}.Release.AdHoc.Giskard|Any CPU.ActiveCfg = Release|Any CPU
		{5ACEB155-9DD4-4309-BCC9-997A09950393}.Release.AdHoc.Giskard|Any CPU.Build.0 = Release|Any CPU
		{5ACEB155-9DD4-4309-BCC9-997A09950393}.Release.AdHoc.Giskard|iPhone.ActiveCfg = Release|Any CPU
		{5ACEB155-9DD4-4309-BCC9-997A09950393}.Release.AdHoc.Giskard|iPhone.Build.0 = Release|Any CPU
		{5ACEB155-9DD4-4309-BCC9-997A09950393}.Release.AdHoc.Giskard|iPhoneSimulator.ActiveCfg = Release|Any CPU
		{5ACEB155-9DD4-4309-BCC9-997A09950393}.Release.AdHoc.Giskard|iPhoneSimulator.Build.0 = Release|Any CPU
		{5ACEB155-9DD4-4309-BCC9-997A09950393}.Release.AdHoc|Any CPU.ActiveCfg = Release|Any CPU
		{5ACEB155-9DD4-4309-BCC9-997A09950393}.Release.AdHoc|Any CPU.Build.0 = Release|Any CPU
		{5ACEB155-9DD4-4309-BCC9-997A09950393}.Release.AdHoc|iPhone.ActiveCfg = Release|Any CPU
		{5ACEB155-9DD4-4309-BCC9-997A09950393}.Release.AdHoc|iPhone.Build.0 = Release|Any CPU
		{5ACEB155-9DD4-4309-BCC9-997A09950393}.Release.AdHoc|iPhoneSimulator.ActiveCfg = Release|Any CPU
		{5ACEB155-9DD4-4309-BCC9-997A09950393}.Release.AdHoc|iPhoneSimulator.Build.0 = Release|Any CPU
		{5ACEB155-9DD4-4309-BCC9-997A09950393}.Release.AppStore|Any CPU.ActiveCfg = Release|Any CPU
		{5ACEB155-9DD4-4309-BCC9-997A09950393}.Release.AppStore|Any CPU.Build.0 = Release|Any CPU
		{5ACEB155-9DD4-4309-BCC9-997A09950393}.Release.AppStore|iPhone.ActiveCfg = Release|Any CPU
		{5ACEB155-9DD4-4309-BCC9-997A09950393}.Release.AppStore|iPhone.Build.0 = Release|Any CPU
		{5ACEB155-9DD4-4309-BCC9-997A09950393}.Release.AppStore|iPhoneSimulator.ActiveCfg = Release|Any CPU
		{5ACEB155-9DD4-4309-BCC9-997A09950393}.Release.AppStore|iPhoneSimulator.Build.0 = Release|Any CPU
		{5ACEB155-9DD4-4309-BCC9-997A09950393}.Release.PlayStore|Any CPU.ActiveCfg = Release|Any CPU
		{5ACEB155-9DD4-4309-BCC9-997A09950393}.Release.PlayStore|Any CPU.Build.0 = Release|Any CPU
		{5ACEB155-9DD4-4309-BCC9-997A09950393}.Release.PlayStore|iPhone.ActiveCfg = Release|Any CPU
		{5ACEB155-9DD4-4309-BCC9-997A09950393}.Release.PlayStore|iPhone.Build.0 = Release|Any CPU
		{5ACEB155-9DD4-4309-BCC9-997A09950393}.Release.PlayStore|iPhoneSimulator.ActiveCfg = Release|Any CPU
		{5ACEB155-9DD4-4309-BCC9-997A09950393}.Release.PlayStore|iPhoneSimulator.Build.0 = Release|Any CPU
		{5ACEB155-9DD4-4309-BCC9-997A09950393}.Release.TestFlight|Any CPU.ActiveCfg = Release|Any CPU
		{5ACEB155-9DD4-4309-BCC9-997A09950393}.Release.TestFlight|Any CPU.Build.0 = Release|Any CPU
		{5ACEB155-9DD4-4309-BCC9-997A09950393}.Release.TestFlight|iPhone.ActiveCfg = Release|Any CPU
		{5ACEB155-9DD4-4309-BCC9-997A09950393}.Release.TestFlight|iPhone.Build.0 = Release|Any CPU
		{5ACEB155-9DD4-4309-BCC9-997A09950393}.Release.TestFlight|iPhoneSimulator.ActiveCfg = Release|Any CPU
		{5ACEB155-9DD4-4309-BCC9-997A09950393}.Release.TestFlight|iPhoneSimulator.Build.0 = Release|Any CPU
		{5ACEB155-9DD4-4309-BCC9-997A09950393}.Release|Any CPU.ActiveCfg = Release|Any CPU
		{5ACEB155-9DD4-4309-BCC9-997A09950393}.Release|Any CPU.Build.0 = Release|Any CPU
		{5ACEB155-9DD4-4309-BCC9-997A09950393}.Release|iPhone.ActiveCfg = Release|Any CPU
		{5ACEB155-9DD4-4309-BCC9-997A09950393}.Release|iPhone.Build.0 = Release|Any CPU
		{5ACEB155-9DD4-4309-BCC9-997A09950393}.Release|iPhoneSimulator.ActiveCfg = Release|Any CPU
		{5ACEB155-9DD4-4309-BCC9-997A09950393}.Release|iPhoneSimulator.Build.0 = Release|Any CPU
		{5ACEB155-9DD4-4309-BCC9-997A09950393}.UnitTests|Any CPU.ActiveCfg = Debug|Any CPU
		{5ACEB155-9DD4-4309-BCC9-997A09950393}.UnitTests|Any CPU.Build.0 = Debug|Any CPU
		{5ACEB155-9DD4-4309-BCC9-997A09950393}.UnitTests|iPhone.ActiveCfg = Release|Any CPU
		{5ACEB155-9DD4-4309-BCC9-997A09950393}.UnitTests|iPhone.Build.0 = Release|Any CPU
		{5ACEB155-9DD4-4309-BCC9-997A09950393}.UnitTests|iPhoneSimulator.ActiveCfg = Release|Any CPU
		{5ACEB155-9DD4-4309-BCC9-997A09950393}.UnitTests|iPhoneSimulator.Build.0 = Release|Any CPU
		{8598D5CB-4E3A-4F99-8E80-CC4EA8609ED8}.ApiTests|Any CPU.ActiveCfg = Debug|Any CPU
		{8598D5CB-4E3A-4F99-8E80-CC4EA8609ED8}.ApiTests|iPhone.ActiveCfg = Release|Any CPU
		{8598D5CB-4E3A-4F99-8E80-CC4EA8609ED8}.ApiTests|iPhone.Build.0 = Release|Any CPU
		{8598D5CB-4E3A-4F99-8E80-CC4EA8609ED8}.ApiTests|iPhoneSimulator.ActiveCfg = Release|Any CPU
		{8598D5CB-4E3A-4F99-8E80-CC4EA8609ED8}.ApiTests|iPhoneSimulator.Build.0 = Release|Any CPU
		{8598D5CB-4E3A-4F99-8E80-CC4EA8609ED8}.Debug|Any CPU.ActiveCfg = Debug|Any CPU
		{8598D5CB-4E3A-4F99-8E80-CC4EA8609ED8}.Debug|Any CPU.Build.0 = Debug|Any CPU
		{8598D5CB-4E3A-4F99-8E80-CC4EA8609ED8}.Debug|iPhone.ActiveCfg = Debug|Any CPU
		{8598D5CB-4E3A-4F99-8E80-CC4EA8609ED8}.Debug|iPhone.Build.0 = Debug|Any CPU
		{8598D5CB-4E3A-4F99-8E80-CC4EA8609ED8}.Debug|iPhoneSimulator.ActiveCfg = Debug|Any CPU
		{8598D5CB-4E3A-4F99-8E80-CC4EA8609ED8}.Debug|iPhoneSimulator.Build.0 = Debug|Any CPU
		{8598D5CB-4E3A-4F99-8E80-CC4EA8609ED8}.Release.AdHoc.Giskard|Any CPU.ActiveCfg = Debug|Any CPU
		{8598D5CB-4E3A-4F99-8E80-CC4EA8609ED8}.Release.AdHoc.Giskard|iPhone.ActiveCfg = Release|Any CPU
		{8598D5CB-4E3A-4F99-8E80-CC4EA8609ED8}.Release.AdHoc.Giskard|iPhone.Build.0 = Release|Any CPU
		{8598D5CB-4E3A-4F99-8E80-CC4EA8609ED8}.Release.AdHoc.Giskard|iPhoneSimulator.ActiveCfg = Release|Any CPU
		{8598D5CB-4E3A-4F99-8E80-CC4EA8609ED8}.Release.AdHoc.Giskard|iPhoneSimulator.Build.0 = Release|Any CPU
		{8598D5CB-4E3A-4F99-8E80-CC4EA8609ED8}.Release.AdHoc|Any CPU.ActiveCfg = Debug|Any CPU
		{8598D5CB-4E3A-4F99-8E80-CC4EA8609ED8}.Release.AdHoc|iPhone.ActiveCfg = Release|Any CPU
		{8598D5CB-4E3A-4F99-8E80-CC4EA8609ED8}.Release.AdHoc|iPhone.Build.0 = Release|Any CPU
		{8598D5CB-4E3A-4F99-8E80-CC4EA8609ED8}.Release.AdHoc|iPhoneSimulator.ActiveCfg = Release|Any CPU
		{8598D5CB-4E3A-4F99-8E80-CC4EA8609ED8}.Release.AdHoc|iPhoneSimulator.Build.0 = Release|Any CPU
		{8598D5CB-4E3A-4F99-8E80-CC4EA8609ED8}.Release.AppStore|Any CPU.ActiveCfg = Release|Any CPU
		{8598D5CB-4E3A-4F99-8E80-CC4EA8609ED8}.Release.AppStore|iPhone.ActiveCfg = Release|Any CPU
		{8598D5CB-4E3A-4F99-8E80-CC4EA8609ED8}.Release.AppStore|iPhone.Build.0 = Release|Any CPU
		{8598D5CB-4E3A-4F99-8E80-CC4EA8609ED8}.Release.AppStore|iPhoneSimulator.ActiveCfg = Release|Any CPU
		{8598D5CB-4E3A-4F99-8E80-CC4EA8609ED8}.Release.AppStore|iPhoneSimulator.Build.0 = Release|Any CPU
		{8598D5CB-4E3A-4F99-8E80-CC4EA8609ED8}.Release.PlayStore|Any CPU.ActiveCfg = Debug|Any CPU
		{8598D5CB-4E3A-4F99-8E80-CC4EA8609ED8}.Release.PlayStore|iPhone.ActiveCfg = Release|Any CPU
		{8598D5CB-4E3A-4F99-8E80-CC4EA8609ED8}.Release.PlayStore|iPhone.Build.0 = Release|Any CPU
		{8598D5CB-4E3A-4F99-8E80-CC4EA8609ED8}.Release.PlayStore|iPhoneSimulator.ActiveCfg = Release|Any CPU
		{8598D5CB-4E3A-4F99-8E80-CC4EA8609ED8}.Release.PlayStore|iPhoneSimulator.Build.0 = Release|Any CPU
		{8598D5CB-4E3A-4F99-8E80-CC4EA8609ED8}.Release.TestFlight|Any CPU.ActiveCfg = Release|Any CPU
		{8598D5CB-4E3A-4F99-8E80-CC4EA8609ED8}.Release.TestFlight|Any CPU.Build.0 = Release|Any CPU
		{8598D5CB-4E3A-4F99-8E80-CC4EA8609ED8}.Release.TestFlight|iPhone.ActiveCfg = Release|Any CPU
		{8598D5CB-4E3A-4F99-8E80-CC4EA8609ED8}.Release.TestFlight|iPhone.Build.0 = Release|Any CPU
		{8598D5CB-4E3A-4F99-8E80-CC4EA8609ED8}.Release.TestFlight|iPhoneSimulator.ActiveCfg = Release|Any CPU
		{8598D5CB-4E3A-4F99-8E80-CC4EA8609ED8}.Release.TestFlight|iPhoneSimulator.Build.0 = Release|Any CPU
		{8598D5CB-4E3A-4F99-8E80-CC4EA8609ED8}.Release|Any CPU.ActiveCfg = Release|Any CPU
		{8598D5CB-4E3A-4F99-8E80-CC4EA8609ED8}.Release|Any CPU.Build.0 = Release|Any CPU
		{8598D5CB-4E3A-4F99-8E80-CC4EA8609ED8}.Release|iPhone.ActiveCfg = Release|Any CPU
		{8598D5CB-4E3A-4F99-8E80-CC4EA8609ED8}.Release|iPhone.Build.0 = Release|Any CPU
		{8598D5CB-4E3A-4F99-8E80-CC4EA8609ED8}.Release|iPhoneSimulator.ActiveCfg = Release|Any CPU
		{8598D5CB-4E3A-4F99-8E80-CC4EA8609ED8}.Release|iPhoneSimulator.Build.0 = Release|Any CPU
		{8598D5CB-4E3A-4F99-8E80-CC4EA8609ED8}.UnitTests|Any CPU.ActiveCfg = Debug|Any CPU
		{8598D5CB-4E3A-4F99-8E80-CC4EA8609ED8}.UnitTests|Any CPU.Build.0 = Debug|Any CPU
		{8598D5CB-4E3A-4F99-8E80-CC4EA8609ED8}.UnitTests|iPhone.ActiveCfg = Release|Any CPU
		{8598D5CB-4E3A-4F99-8E80-CC4EA8609ED8}.UnitTests|iPhone.Build.0 = Release|Any CPU
		{8598D5CB-4E3A-4F99-8E80-CC4EA8609ED8}.UnitTests|iPhoneSimulator.ActiveCfg = Release|Any CPU
		{8598D5CB-4E3A-4F99-8E80-CC4EA8609ED8}.UnitTests|iPhoneSimulator.Build.0 = Release|Any CPU
		{C400D1A6-5DC5-4A92-8DD0-FF272D0D1189}.ApiTests|Any CPU.ActiveCfg = Debug|Any CPU
		{C400D1A6-5DC5-4A92-8DD0-FF272D0D1189}.ApiTests|Any CPU.Build.0 = Debug|Any CPU
		{C400D1A6-5DC5-4A92-8DD0-FF272D0D1189}.ApiTests|iPhone.ActiveCfg = Release|Any CPU
		{C400D1A6-5DC5-4A92-8DD0-FF272D0D1189}.ApiTests|iPhone.Build.0 = Release|Any CPU
		{C400D1A6-5DC5-4A92-8DD0-FF272D0D1189}.ApiTests|iPhoneSimulator.ActiveCfg = Release|Any CPU
		{C400D1A6-5DC5-4A92-8DD0-FF272D0D1189}.ApiTests|iPhoneSimulator.Build.0 = Release|Any CPU
		{C400D1A6-5DC5-4A92-8DD0-FF272D0D1189}.Debug|Any CPU.ActiveCfg = Debug|Any CPU
		{C400D1A6-5DC5-4A92-8DD0-FF272D0D1189}.Debug|Any CPU.Build.0 = Debug|Any CPU
		{C400D1A6-5DC5-4A92-8DD0-FF272D0D1189}.Debug|iPhone.ActiveCfg = Debug|Any CPU
		{C400D1A6-5DC5-4A92-8DD0-FF272D0D1189}.Debug|iPhone.Build.0 = Debug|Any CPU
		{C400D1A6-5DC5-4A92-8DD0-FF272D0D1189}.Debug|iPhoneSimulator.ActiveCfg = Debug|Any CPU
		{C400D1A6-5DC5-4A92-8DD0-FF272D0D1189}.Debug|iPhoneSimulator.Build.0 = Debug|Any CPU
		{C400D1A6-5DC5-4A92-8DD0-FF272D0D1189}.Release.AdHoc.Giskard|Any CPU.ActiveCfg = Debug|Any CPU
		{C400D1A6-5DC5-4A92-8DD0-FF272D0D1189}.Release.AdHoc.Giskard|iPhone.ActiveCfg = Release|Any CPU
		{C400D1A6-5DC5-4A92-8DD0-FF272D0D1189}.Release.AdHoc.Giskard|iPhone.Build.0 = Release|Any CPU
		{C400D1A6-5DC5-4A92-8DD0-FF272D0D1189}.Release.AdHoc.Giskard|iPhoneSimulator.ActiveCfg = Release|Any CPU
		{C400D1A6-5DC5-4A92-8DD0-FF272D0D1189}.Release.AdHoc.Giskard|iPhoneSimulator.Build.0 = Release|Any CPU
		{C400D1A6-5DC5-4A92-8DD0-FF272D0D1189}.Release.AdHoc|Any CPU.ActiveCfg = Debug|Any CPU
		{C400D1A6-5DC5-4A92-8DD0-FF272D0D1189}.Release.AdHoc|iPhone.ActiveCfg = Release|Any CPU
		{C400D1A6-5DC5-4A92-8DD0-FF272D0D1189}.Release.AdHoc|iPhone.Build.0 = Release|Any CPU
		{C400D1A6-5DC5-4A92-8DD0-FF272D0D1189}.Release.AdHoc|iPhoneSimulator.ActiveCfg = Release|Any CPU
		{C400D1A6-5DC5-4A92-8DD0-FF272D0D1189}.Release.AdHoc|iPhoneSimulator.Build.0 = Release|Any CPU
		{C400D1A6-5DC5-4A92-8DD0-FF272D0D1189}.Release.AppStore|Any CPU.ActiveCfg = Release|Any CPU
		{C400D1A6-5DC5-4A92-8DD0-FF272D0D1189}.Release.AppStore|iPhone.ActiveCfg = Release|Any CPU
		{C400D1A6-5DC5-4A92-8DD0-FF272D0D1189}.Release.AppStore|iPhone.Build.0 = Release|Any CPU
		{C400D1A6-5DC5-4A92-8DD0-FF272D0D1189}.Release.AppStore|iPhoneSimulator.ActiveCfg = Release|Any CPU
		{C400D1A6-5DC5-4A92-8DD0-FF272D0D1189}.Release.AppStore|iPhoneSimulator.Build.0 = Release|Any CPU
		{C400D1A6-5DC5-4A92-8DD0-FF272D0D1189}.Release.PlayStore|Any CPU.ActiveCfg = Debug|Any CPU
		{C400D1A6-5DC5-4A92-8DD0-FF272D0D1189}.Release.PlayStore|iPhone.ActiveCfg = Release|Any CPU
		{C400D1A6-5DC5-4A92-8DD0-FF272D0D1189}.Release.PlayStore|iPhone.Build.0 = Release|Any CPU
		{C400D1A6-5DC5-4A92-8DD0-FF272D0D1189}.Release.PlayStore|iPhoneSimulator.ActiveCfg = Release|Any CPU
		{C400D1A6-5DC5-4A92-8DD0-FF272D0D1189}.Release.PlayStore|iPhoneSimulator.Build.0 = Release|Any CPU
		{C400D1A6-5DC5-4A92-8DD0-FF272D0D1189}.Release.TestFlight|Any CPU.ActiveCfg = Release|Any CPU
		{C400D1A6-5DC5-4A92-8DD0-FF272D0D1189}.Release.TestFlight|Any CPU.Build.0 = Release|Any CPU
		{C400D1A6-5DC5-4A92-8DD0-FF272D0D1189}.Release.TestFlight|iPhone.ActiveCfg = Release|Any CPU
		{C400D1A6-5DC5-4A92-8DD0-FF272D0D1189}.Release.TestFlight|iPhone.Build.0 = Release|Any CPU
		{C400D1A6-5DC5-4A92-8DD0-FF272D0D1189}.Release.TestFlight|iPhoneSimulator.ActiveCfg = Release|Any CPU
		{C400D1A6-5DC5-4A92-8DD0-FF272D0D1189}.Release.TestFlight|iPhoneSimulator.Build.0 = Release|Any CPU
		{C400D1A6-5DC5-4A92-8DD0-FF272D0D1189}.Release|Any CPU.ActiveCfg = Release|Any CPU
		{C400D1A6-5DC5-4A92-8DD0-FF272D0D1189}.Release|Any CPU.Build.0 = Release|Any CPU
		{C400D1A6-5DC5-4A92-8DD0-FF272D0D1189}.Release|iPhone.ActiveCfg = Release|Any CPU
		{C400D1A6-5DC5-4A92-8DD0-FF272D0D1189}.Release|iPhone.Build.0 = Release|Any CPU
		{C400D1A6-5DC5-4A92-8DD0-FF272D0D1189}.Release|iPhoneSimulator.ActiveCfg = Release|Any CPU
		{C400D1A6-5DC5-4A92-8DD0-FF272D0D1189}.Release|iPhoneSimulator.Build.0 = Release|Any CPU
		{C400D1A6-5DC5-4A92-8DD0-FF272D0D1189}.UnitTests|Any CPU.ActiveCfg = Debug|Any CPU
		{C400D1A6-5DC5-4A92-8DD0-FF272D0D1189}.UnitTests|Any CPU.Build.0 = Debug|Any CPU
		{C400D1A6-5DC5-4A92-8DD0-FF272D0D1189}.UnitTests|iPhone.ActiveCfg = Release|Any CPU
		{C400D1A6-5DC5-4A92-8DD0-FF272D0D1189}.UnitTests|iPhone.Build.0 = Release|Any CPU
		{C400D1A6-5DC5-4A92-8DD0-FF272D0D1189}.UnitTests|iPhoneSimulator.ActiveCfg = Release|Any CPU
		{C400D1A6-5DC5-4A92-8DD0-FF272D0D1189}.UnitTests|iPhoneSimulator.Build.0 = Release|Any CPU
		{3AC0A652-CD16-424D-B2E6-12D3B221109F}.ApiTests|Any CPU.ActiveCfg = Release|Any CPU
		{3AC0A652-CD16-424D-B2E6-12D3B221109F}.ApiTests|Any CPU.Build.0 = Release|Any CPU
		{3AC0A652-CD16-424D-B2E6-12D3B221109F}.ApiTests|iPhone.ActiveCfg = Release|Any CPU
		{3AC0A652-CD16-424D-B2E6-12D3B221109F}.ApiTests|iPhone.Build.0 = Release|Any CPU
		{3AC0A652-CD16-424D-B2E6-12D3B221109F}.ApiTests|iPhoneSimulator.ActiveCfg = Release|Any CPU
		{3AC0A652-CD16-424D-B2E6-12D3B221109F}.ApiTests|iPhoneSimulator.Build.0 = Release|Any CPU
		{3AC0A652-CD16-424D-B2E6-12D3B221109F}.Debug|Any CPU.ActiveCfg = Debug|Any CPU
		{3AC0A652-CD16-424D-B2E6-12D3B221109F}.Debug|Any CPU.Build.0 = Debug|Any CPU
		{3AC0A652-CD16-424D-B2E6-12D3B221109F}.Debug|iPhone.ActiveCfg = Debug|Any CPU
		{3AC0A652-CD16-424D-B2E6-12D3B221109F}.Debug|iPhone.Build.0 = Debug|Any CPU
		{3AC0A652-CD16-424D-B2E6-12D3B221109F}.Debug|iPhoneSimulator.ActiveCfg = Debug|Any CPU
		{3AC0A652-CD16-424D-B2E6-12D3B221109F}.Debug|iPhoneSimulator.Build.0 = Debug|Any CPU
		{3AC0A652-CD16-424D-B2E6-12D3B221109F}.Release.AdHoc.Giskard|Any CPU.ActiveCfg = Release|Any CPU
		{3AC0A652-CD16-424D-B2E6-12D3B221109F}.Release.AdHoc.Giskard|Any CPU.Build.0 = Release|Any CPU
		{3AC0A652-CD16-424D-B2E6-12D3B221109F}.Release.AdHoc.Giskard|iPhone.ActiveCfg = Release|Any CPU
		{3AC0A652-CD16-424D-B2E6-12D3B221109F}.Release.AdHoc.Giskard|iPhone.Build.0 = Release|Any CPU
		{3AC0A652-CD16-424D-B2E6-12D3B221109F}.Release.AdHoc.Giskard|iPhoneSimulator.ActiveCfg = Release|Any CPU
		{3AC0A652-CD16-424D-B2E6-12D3B221109F}.Release.AdHoc.Giskard|iPhoneSimulator.Build.0 = Release|Any CPU
		{3AC0A652-CD16-424D-B2E6-12D3B221109F}.Release.AdHoc|Any CPU.ActiveCfg = Release|Any CPU
		{3AC0A652-CD16-424D-B2E6-12D3B221109F}.Release.AdHoc|Any CPU.Build.0 = Release|Any CPU
		{3AC0A652-CD16-424D-B2E6-12D3B221109F}.Release.AdHoc|iPhone.ActiveCfg = Release|Any CPU
		{3AC0A652-CD16-424D-B2E6-12D3B221109F}.Release.AdHoc|iPhone.Build.0 = Release|Any CPU
		{3AC0A652-CD16-424D-B2E6-12D3B221109F}.Release.AdHoc|iPhoneSimulator.ActiveCfg = Release|Any CPU
		{3AC0A652-CD16-424D-B2E6-12D3B221109F}.Release.AdHoc|iPhoneSimulator.Build.0 = Release|Any CPU
		{3AC0A652-CD16-424D-B2E6-12D3B221109F}.Release.AppStore|Any CPU.ActiveCfg = Release|Any CPU
		{3AC0A652-CD16-424D-B2E6-12D3B221109F}.Release.AppStore|Any CPU.Build.0 = Release|Any CPU
		{3AC0A652-CD16-424D-B2E6-12D3B221109F}.Release.AppStore|iPhone.ActiveCfg = Release|Any CPU
		{3AC0A652-CD16-424D-B2E6-12D3B221109F}.Release.AppStore|iPhone.Build.0 = Release|Any CPU
		{3AC0A652-CD16-424D-B2E6-12D3B221109F}.Release.AppStore|iPhoneSimulator.ActiveCfg = Release|Any CPU
		{3AC0A652-CD16-424D-B2E6-12D3B221109F}.Release.AppStore|iPhoneSimulator.Build.0 = Release|Any CPU
		{3AC0A652-CD16-424D-B2E6-12D3B221109F}.Release.PlayStore|Any CPU.ActiveCfg = Release|Any CPU
		{3AC0A652-CD16-424D-B2E6-12D3B221109F}.Release.PlayStore|Any CPU.Build.0 = Release|Any CPU
		{3AC0A652-CD16-424D-B2E6-12D3B221109F}.Release.PlayStore|iPhone.ActiveCfg = Release|Any CPU
		{3AC0A652-CD16-424D-B2E6-12D3B221109F}.Release.PlayStore|iPhone.Build.0 = Release|Any CPU
		{3AC0A652-CD16-424D-B2E6-12D3B221109F}.Release.PlayStore|iPhoneSimulator.ActiveCfg = Release|Any CPU
		{3AC0A652-CD16-424D-B2E6-12D3B221109F}.Release.PlayStore|iPhoneSimulator.Build.0 = Release|Any CPU
		{3AC0A652-CD16-424D-B2E6-12D3B221109F}.Release.TestFlight|Any CPU.ActiveCfg = Release|Any CPU
		{3AC0A652-CD16-424D-B2E6-12D3B221109F}.Release.TestFlight|Any CPU.Build.0 = Release|Any CPU
		{3AC0A652-CD16-424D-B2E6-12D3B221109F}.Release.TestFlight|iPhone.ActiveCfg = Release|Any CPU
		{3AC0A652-CD16-424D-B2E6-12D3B221109F}.Release.TestFlight|iPhone.Build.0 = Release|Any CPU
		{3AC0A652-CD16-424D-B2E6-12D3B221109F}.Release.TestFlight|iPhoneSimulator.ActiveCfg = Release|Any CPU
		{3AC0A652-CD16-424D-B2E6-12D3B221109F}.Release.TestFlight|iPhoneSimulator.Build.0 = Release|Any CPU
		{3AC0A652-CD16-424D-B2E6-12D3B221109F}.Release|Any CPU.ActiveCfg = Release|Any CPU
		{3AC0A652-CD16-424D-B2E6-12D3B221109F}.Release|Any CPU.Build.0 = Release|Any CPU
		{3AC0A652-CD16-424D-B2E6-12D3B221109F}.Release|iPhone.ActiveCfg = Release|Any CPU
		{3AC0A652-CD16-424D-B2E6-12D3B221109F}.Release|iPhone.Build.0 = Release|Any CPU
		{3AC0A652-CD16-424D-B2E6-12D3B221109F}.Release|iPhoneSimulator.ActiveCfg = Release|Any CPU
		{3AC0A652-CD16-424D-B2E6-12D3B221109F}.Release|iPhoneSimulator.Build.0 = Release|Any CPU
		{3AC0A652-CD16-424D-B2E6-12D3B221109F}.UnitTests|Any CPU.ActiveCfg = Release|Any CPU
		{3AC0A652-CD16-424D-B2E6-12D3B221109F}.UnitTests|Any CPU.Build.0 = Release|Any CPU
		{3AC0A652-CD16-424D-B2E6-12D3B221109F}.UnitTests|iPhone.ActiveCfg = Release|Any CPU
		{3AC0A652-CD16-424D-B2E6-12D3B221109F}.UnitTests|iPhone.Build.0 = Release|Any CPU
		{3AC0A652-CD16-424D-B2E6-12D3B221109F}.UnitTests|iPhoneSimulator.ActiveCfg = Release|Any CPU
		{3AC0A652-CD16-424D-B2E6-12D3B221109F}.UnitTests|iPhoneSimulator.Build.0 = Release|Any CPU
	EndGlobalSection
	GlobalSection(SolutionProperties) = preSolution
		HideSolutionNode = FALSE
	EndGlobalSection
	GlobalSection(NestedProjects) = preSolution
		{0BA4407E-0470-4496-A80B-DE311A40A385} = {3F0F9AF5-998D-4F72-870E-A78DCECEA64F}
		{128F799A-3060-4D72-9F14-93620F25E5E3} = {3F0F9AF5-998D-4F72-870E-A78DCECEA64F}
		{6AF7BE5E-AF9D-4EA7-AF7F-28D07B8DEF24} = {128F799A-3060-4D72-9F14-93620F25E5E3}
		{E90E4D61-D55E-4185-AE9E-C8977140694A} = {128F799A-3060-4D72-9F14-93620F25E5E3}
		{5ACEB155-9DD4-4309-BCC9-997A09950393} = {0BA4407E-0470-4496-A80B-DE311A40A385}
		{8598D5CB-4E3A-4F99-8E80-CC4EA8609ED8} = {0BA4407E-0470-4496-A80B-DE311A40A385}
		{C400D1A6-5DC5-4A92-8DD0-FF272D0D1189} = {0BA4407E-0470-4496-A80B-DE311A40A385}
		{C5E5EAF5-9AAD-4C5A-BAA7-09770D54C43C} = {3F0F9AF5-998D-4F72-870E-A78DCECEA64F}
	EndGlobalSection
	GlobalSection(ExtensibilityGlobals) = postSolution
		SolutionGuid = {BB50A4AA-E2F8-4B5F-B68F-EE9BB6F3C440}
	EndGlobalSection
EndGlobal
