
Microsoft Visual Studio Solution File, Format Version 12.00
# Visual Studio 15
VisualStudioVersion = 15.0.26430.6
MinimumVisualStudioVersion = 10.0.40219.1
Project("{2150E333-8FDC-42A3-9474-1A3956D46DE8}") = "Ultrawave", "Ultrawave", "{0BA4407E-0470-4496-A80B-DE311A40A385}"
EndProject
Project("{2150E333-8FDC-42A3-9474-1A3956D46DE8}") = "PrimeRadiant", "PrimeRadiant", "{F8D36062-5AD3-4F2D-8E64-9ACB91C0BB50}"
EndProject
Project("{2150E333-8FDC-42A3-9474-1A3956D46DE8}") = "Foundation", "Foundation", "{B55DCFC1-9EA2-4289-B3EE-8979E0A9AB2E}"
EndProject
Project("{2150E333-8FDC-42A3-9474-1A3956D46DE8}") = "Multivac", "Multivac", "{128F799A-3060-4D72-9F14-93620F25E5E3}"
EndProject
Project("{9A19103F-16F7-4668-BE54-9A1E7A4F7556}") = "Toggl.Multivac", "toggl\Toggl.Multivac\Toggl.Multivac.csproj", "{6AF7BE5E-AF9D-4EA7-AF7F-28D07B8DEF24}"
EndProject
Project("{9A19103F-16F7-4668-BE54-9A1E7A4F7556}") = "Toggl.Multivac.Tests", "toggl\Toggl.Multivac.Tests\Toggl.Multivac.Tests.csproj", "{E90E4D61-D55E-4185-AE9E-C8977140694A}"
EndProject
Project("{9A19103F-16F7-4668-BE54-9A1E7A4F7556}") = "Toggl.Ultrawave", "toggl\Toggl.Ultrawave\Toggl.Ultrawave.csproj", "{5ACEB155-9DD4-4309-BCC9-997A09950393}"
EndProject
Project("{9A19103F-16F7-4668-BE54-9A1E7A4F7556}") = "Toggl.Ultrawave.Tests", "toggl\Toggl.Ultrawave.Tests\Toggl.Ultrawave.Tests.csproj", "{8598D5CB-4E3A-4F99-8E80-CC4EA8609ED8}"
EndProject
Project("{9A19103F-16F7-4668-BE54-9A1E7A4F7556}") = "Toggl.Ultrawave.Tests.Integration", "toggl\Toggl.Ultrawave.Tests.Integration\Toggl.Ultrawave.Tests.Integration.csproj", "{C400D1A6-5DC5-4A92-8DD0-FF272D0D1189}"
EndProject
Project("{9A19103F-16F7-4668-BE54-9A1E7A4F7556}") = "Toggl.PrimeRadiant", "toggl\Toggl.PrimeRadiant\Toggl.PrimeRadiant.csproj", "{3A603451-31B2-4975-9366-3212BEA78F57}"
EndProject
Project("{9A19103F-16F7-4668-BE54-9A1E7A4F7556}") = "Toggl.PrimeRadiant.Realm", "toggl\Toggl.PrimeRadiant.Realm\Toggl.PrimeRadiant.Realm.csproj", "{7716BCE9-A3D4-4359-A02E-94380BDF83C7}"
EndProject
Project("{9A19103F-16F7-4668-BE54-9A1E7A4F7556}") = "Toggl.PrimeRadiant.Tests", "toggl\Toggl.PrimeRadiant.Tests\Toggl.PrimeRadiant.Tests.csproj", "{80155A57-5BAF-4CF0-93CA-B9E99BA95E9F}"
EndProject
Project("{9A19103F-16F7-4668-BE54-9A1E7A4F7556}") = "Toggl.Foundation", "toggl\Toggl.Foundation\Toggl.Foundation.csproj", "{09D75C0B-3367-4678-97EF-6EADE64AF09C}"
EndProject
Project("{9A19103F-16F7-4668-BE54-9A1E7A4F7556}") = "Toggl.Foundation.MvvmCross", "toggl\Toggl.Foundation.MvvmCross\Toggl.Foundation.MvvmCross.csproj", "{CB2B0786-217F-455A-9349-0FC69468D3B6}"
EndProject
Project("{9A19103F-16F7-4668-BE54-9A1E7A4F7556}") = "Toggl.Foundation.Tests", "toggl\Toggl.Foundation.Tests\Toggl.Foundation.Tests.csproj", "{8E366E3C-7BE5-4962-9E0C-9094AE1FE2F4}"
EndProject
Project("{2150E333-8FDC-42A3-9474-1A3956D46DE8}") = "Solution Items", "Solution Items", "{C5E5EAF5-9AAD-4C5A-BAA7-09770D54C43C}"
	ProjectSection(SolutionItems) = preProject
		toggl\Toggl.sln = toggl\Toggl.sln
	EndProjectSection
EndProject
Project("{2150E333-8FDC-42A3-9474-1A3956D46DE8}") = "Toggl", "Toggl", "{3F0F9AF5-998D-4F72-870E-A78DCECEA64F}"
EndProject
Project("{9A19103F-16F7-4668-BE54-9A1E7A4F7556}") = "toumash.dailystatus", "toumash.dailystatus\toumash.dailystatus.csproj", "{10C71BAF-F3A0-4406-993A-710925AA2B3D}"
EndProject
Global
	GlobalSection(SolutionConfigurationPlatforms) = preSolution
		ApiTests|Any CPU = ApiTests|Any CPU
		ApiTests|iPhone = ApiTests|iPhone
		ApiTests|iPhoneSimulator = ApiTests|iPhoneSimulator
		Debug|Any CPU = Debug|Any CPU
		Debug|iPhone = Debug|iPhone
		Debug|iPhoneSimulator = Debug|iPhoneSimulator
		Release.AdHoc.Giskard|Any CPU = Release.AdHoc.Giskard|Any CPU
		Release.AdHoc.Giskard|iPhone = Release.AdHoc.Giskard|iPhone
		Release.AdHoc.Giskard|iPhoneSimulator = Release.AdHoc.Giskard|iPhoneSimulator
		Release.AdHoc|Any CPU = Release.AdHoc|Any CPU
		Release.AdHoc|iPhone = Release.AdHoc|iPhone
		Release.AdHoc|iPhoneSimulator = Release.AdHoc|iPhoneSimulator
		Release.AppStore|Any CPU = Release.AppStore|Any CPU
		Release.AppStore|iPhone = Release.AppStore|iPhone
		Release.AppStore|iPhoneSimulator = Release.AppStore|iPhoneSimulator
		Release.PlayStore|Any CPU = Release.PlayStore|Any CPU
		Release.PlayStore|iPhone = Release.PlayStore|iPhone
		Release.PlayStore|iPhoneSimulator = Release.PlayStore|iPhoneSimulator
		Release.TestFlight|Any CPU = Release.TestFlight|Any CPU
		Release.TestFlight|iPhone = Release.TestFlight|iPhone
		Release.TestFlight|iPhoneSimulator = Release.TestFlight|iPhoneSimulator
		Release|Any CPU = Release|Any CPU
		Release|iPhone = Release|iPhone
		Release|iPhoneSimulator = Release|iPhoneSimulator
		UnitTests|Any CPU = UnitTests|Any CPU
		UnitTests|iPhone = UnitTests|iPhone
		UnitTests|iPhoneSimulator = UnitTests|iPhoneSimulator
	EndGlobalSection
	GlobalSection(ProjectConfigurationPlatforms) = postSolution
		{6AF7BE5E-AF9D-4EA7-AF7F-28D07B8DEF24}.ApiTests|Any CPU.ActiveCfg = Debug|Any CPU
		{6AF7BE5E-AF9D-4EA7-AF7F-28D07B8DEF24}.ApiTests|Any CPU.Build.0 = Debug|Any CPU
		{6AF7BE5E-AF9D-4EA7-AF7F-28D07B8DEF24}.ApiTests|iPhone.ActiveCfg = Release|Any CPU
		{6AF7BE5E-AF9D-4EA7-AF7F-28D07B8DEF24}.ApiTests|iPhone.Build.0 = Release|Any CPU
		{6AF7BE5E-AF9D-4EA7-AF7F-28D07B8DEF24}.ApiTests|iPhoneSimulator.ActiveCfg = Release|Any CPU
		{6AF7BE5E-AF9D-4EA7-AF7F-28D07B8DEF24}.ApiTests|iPhoneSimulator.Build.0 = Release|Any CPU
		{6AF7BE5E-AF9D-4EA7-AF7F-28D07B8DEF24}.Debug|Any CPU.ActiveCfg = Debug|Any CPU
		{6AF7BE5E-AF9D-4EA7-AF7F-28D07B8DEF24}.Debug|Any CPU.Build.0 = Debug|Any CPU
		{6AF7BE5E-AF9D-4EA7-AF7F-28D07B8DEF24}.Debug|iPhone.ActiveCfg = Debug|Any CPU
		{6AF7BE5E-AF9D-4EA7-AF7F-28D07B8DEF24}.Debug|iPhone.Build.0 = Debug|Any CPU
		{6AF7BE5E-AF9D-4EA7-AF7F-28D07B8DEF24}.Debug|iPhoneSimulator.ActiveCfg = Debug|Any CPU
		{6AF7BE5E-AF9D-4EA7-AF7F-28D07B8DEF24}.Debug|iPhoneSimulator.Build.0 = Debug|Any CPU
		{6AF7BE5E-AF9D-4EA7-AF7F-28D07B8DEF24}.Release.AdHoc.Giskard|Any CPU.ActiveCfg = Release|Any CPU
		{6AF7BE5E-AF9D-4EA7-AF7F-28D07B8DEF24}.Release.AdHoc.Giskard|Any CPU.Build.0 = Release|Any CPU
		{6AF7BE5E-AF9D-4EA7-AF7F-28D07B8DEF24}.Release.AdHoc.Giskard|iPhone.ActiveCfg = Release|Any CPU
		{6AF7BE5E-AF9D-4EA7-AF7F-28D07B8DEF24}.Release.AdHoc.Giskard|iPhone.Build.0 = Release|Any CPU
		{6AF7BE5E-AF9D-4EA7-AF7F-28D07B8DEF24}.Release.AdHoc.Giskard|iPhoneSimulator.ActiveCfg = Release|Any CPU
		{6AF7BE5E-AF9D-4EA7-AF7F-28D07B8DEF24}.Release.AdHoc.Giskard|iPhoneSimulator.Build.0 = Release|Any CPU
		{6AF7BE5E-AF9D-4EA7-AF7F-28D07B8DEF24}.Release.AdHoc|Any CPU.ActiveCfg = Release|Any CPU
		{6AF7BE5E-AF9D-4EA7-AF7F-28D07B8DEF24}.Release.AdHoc|Any CPU.Build.0 = Release|Any CPU
		{6AF7BE5E-AF9D-4EA7-AF7F-28D07B8DEF24}.Release.AdHoc|iPhone.ActiveCfg = Release|Any CPU
		{6AF7BE5E-AF9D-4EA7-AF7F-28D07B8DEF24}.Release.AdHoc|iPhone.Build.0 = Release|Any CPU
		{6AF7BE5E-AF9D-4EA7-AF7F-28D07B8DEF24}.Release.AdHoc|iPhoneSimulator.ActiveCfg = Release|Any CPU
		{6AF7BE5E-AF9D-4EA7-AF7F-28D07B8DEF24}.Release.AdHoc|iPhoneSimulator.Build.0 = Release|Any CPU
		{6AF7BE5E-AF9D-4EA7-AF7F-28D07B8DEF24}.Release.AppStore|Any CPU.ActiveCfg = Release|Any CPU
		{6AF7BE5E-AF9D-4EA7-AF7F-28D07B8DEF24}.Release.AppStore|Any CPU.Build.0 = Release|Any CPU
		{6AF7BE5E-AF9D-4EA7-AF7F-28D07B8DEF24}.Release.AppStore|iPhone.ActiveCfg = Release|Any CPU
		{6AF7BE5E-AF9D-4EA7-AF7F-28D07B8DEF24}.Release.AppStore|iPhone.Build.0 = Release|Any CPU
		{6AF7BE5E-AF9D-4EA7-AF7F-28D07B8DEF24}.Release.AppStore|iPhoneSimulator.ActiveCfg = Release|Any CPU
		{6AF7BE5E-AF9D-4EA7-AF7F-28D07B8DEF24}.Release.AppStore|iPhoneSimulator.Build.0 = Release|Any CPU
		{6AF7BE5E-AF9D-4EA7-AF7F-28D07B8DEF24}.Release.PlayStore|Any CPU.ActiveCfg = Release|Any CPU
		{6AF7BE5E-AF9D-4EA7-AF7F-28D07B8DEF24}.Release.PlayStore|Any CPU.Build.0 = Release|Any CPU
		{6AF7BE5E-AF9D-4EA7-AF7F-28D07B8DEF24}.Release.PlayStore|iPhone.ActiveCfg = Release|Any CPU
		{6AF7BE5E-AF9D-4EA7-AF7F-28D07B8DEF24}.Release.PlayStore|iPhone.Build.0 = Release|Any CPU
		{6AF7BE5E-AF9D-4EA7-AF7F-28D07B8DEF24}.Release.PlayStore|iPhoneSimulator.ActiveCfg = Release|Any CPU
		{6AF7BE5E-AF9D-4EA7-AF7F-28D07B8DEF24}.Release.PlayStore|iPhoneSimulator.Build.0 = Release|Any CPU
		{6AF7BE5E-AF9D-4EA7-AF7F-28D07B8DEF24}.Release.TestFlight|Any CPU.ActiveCfg = Release|Any CPU
		{6AF7BE5E-AF9D-4EA7-AF7F-28D07B8DEF24}.Release.TestFlight|Any CPU.Build.0 = Release|Any CPU
		{6AF7BE5E-AF9D-4EA7-AF7F-28D07B8DEF24}.Release.TestFlight|iPhone.ActiveCfg = Release|Any CPU
		{6AF7BE5E-AF9D-4EA7-AF7F-28D07B8DEF24}.Release.TestFlight|iPhone.Build.0 = Release|Any CPU
		{6AF7BE5E-AF9D-4EA7-AF7F-28D07B8DEF24}.Release.TestFlight|iPhoneSimulator.ActiveCfg = Release|Any CPU
		{6AF7BE5E-AF9D-4EA7-AF7F-28D07B8DEF24}.Release.TestFlight|iPhoneSimulator.Build.0 = Release|Any CPU
		{6AF7BE5E-AF9D-4EA7-AF7F-28D07B8DEF24}.Release|Any CPU.ActiveCfg = Release|Any CPU
		{6AF7BE5E-AF9D-4EA7-AF7F-28D07B8DEF24}.Release|Any CPU.Build.0 = Release|Any CPU
		{6AF7BE5E-AF9D-4EA7-AF7F-28D07B8DEF24}.Release|iPhone.ActiveCfg = Release|Any CPU
		{6AF7BE5E-AF9D-4EA7-AF7F-28D07B8DEF24}.Release|iPhone.Build.0 = Release|Any CPU
		{6AF7BE5E-AF9D-4EA7-AF7F-28D07B8DEF24}.Release|iPhoneSimulator.ActiveCfg = Release|Any CPU
		{6AF7BE5E-AF9D-4EA7-AF7F-28D07B8DEF24}.Release|iPhoneSimulator.Build.0 = Release|Any CPU
		{6AF7BE5E-AF9D-4EA7-AF7F-28D07B8DEF24}.UnitTests|Any CPU.ActiveCfg = Debug|Any CPU
		{6AF7BE5E-AF9D-4EA7-AF7F-28D07B8DEF24}.UnitTests|Any CPU.Build.0 = Debug|Any CPU
		{6AF7BE5E-AF9D-4EA7-AF7F-28D07B8DEF24}.UnitTests|iPhone.ActiveCfg = Release|Any CPU
		{6AF7BE5E-AF9D-4EA7-AF7F-28D07B8DEF24}.UnitTests|iPhone.Build.0 = Release|Any CPU
		{6AF7BE5E-AF9D-4EA7-AF7F-28D07B8DEF24}.UnitTests|iPhoneSimulator.ActiveCfg = Release|Any CPU
		{6AF7BE5E-AF9D-4EA7-AF7F-28D07B8DEF24}.UnitTests|iPhoneSimulator.Build.0 = Release|Any CPU
		{E90E4D61-D55E-4185-AE9E-C8977140694A}.ApiTests|Any CPU.ActiveCfg = Debug|Any CPU
		{E90E4D61-D55E-4185-AE9E-C8977140694A}.ApiTests|Any CPU.Build.0 = Debug|Any CPU
		{E90E4D61-D55E-4185-AE9E-C8977140694A}.ApiTests|iPhone.ActiveCfg = Release|Any CPU
		{E90E4D61-D55E-4185-AE9E-C8977140694A}.ApiTests|iPhone.Build.0 = Release|Any CPU
		{E90E4D61-D55E-4185-AE9E-C8977140694A}.ApiTests|iPhoneSimulator.ActiveCfg = Release|Any CPU
		{E90E4D61-D55E-4185-AE9E-C8977140694A}.ApiTests|iPhoneSimulator.Build.0 = Release|Any CPU
		{E90E4D61-D55E-4185-AE9E-C8977140694A}.Debug|Any CPU.ActiveCfg = Debug|Any CPU
		{E90E4D61-D55E-4185-AE9E-C8977140694A}.Debug|Any CPU.Build.0 = Debug|Any CPU
		{E90E4D61-D55E-4185-AE9E-C8977140694A}.Debug|iPhone.ActiveCfg = Debug|Any CPU
		{E90E4D61-D55E-4185-AE9E-C8977140694A}.Debug|iPhone.Build.0 = Debug|Any CPU
		{E90E4D61-D55E-4185-AE9E-C8977140694A}.Debug|iPhoneSimulator.ActiveCfg = Debug|Any CPU
		{E90E4D61-D55E-4185-AE9E-C8977140694A}.Debug|iPhoneSimulator.Build.0 = Debug|Any CPU
		{E90E4D61-D55E-4185-AE9E-C8977140694A}.Release.AdHoc.Giskard|Any CPU.ActiveCfg = Debug|Any CPU
		{E90E4D61-D55E-4185-AE9E-C8977140694A}.Release.AdHoc.Giskard|iPhone.ActiveCfg = Release|Any CPU
		{E90E4D61-D55E-4185-AE9E-C8977140694A}.Release.AdHoc.Giskard|iPhone.Build.0 = Release|Any CPU
		{E90E4D61-D55E-4185-AE9E-C8977140694A}.Release.AdHoc.Giskard|iPhoneSimulator.ActiveCfg = Release|Any CPU
		{E90E4D61-D55E-4185-AE9E-C8977140694A}.Release.AdHoc.Giskard|iPhoneSimulator.Build.0 = Release|Any CPU
		{E90E4D61-D55E-4185-AE9E-C8977140694A}.Release.AdHoc|Any CPU.ActiveCfg = Debug|Any CPU
		{E90E4D61-D55E-4185-AE9E-C8977140694A}.Release.AdHoc|iPhone.ActiveCfg = Release|Any CPU
		{E90E4D61-D55E-4185-AE9E-C8977140694A}.Release.AdHoc|iPhone.Build.0 = Release|Any CPU
		{E90E4D61-D55E-4185-AE9E-C8977140694A}.Release.AdHoc|iPhoneSimulator.ActiveCfg = Release|Any CPU
		{E90E4D61-D55E-4185-AE9E-C8977140694A}.Release.AdHoc|iPhoneSimulator.Build.0 = Release|Any CPU
		{E90E4D61-D55E-4185-AE9E-C8977140694A}.Release.AppStore|Any CPU.ActiveCfg = Release|Any CPU
		{E90E4D61-D55E-4185-AE9E-C8977140694A}.Release.AppStore|iPhone.ActiveCfg = Release|Any CPU
		{E90E4D61-D55E-4185-AE9E-C8977140694A}.Release.AppStore|iPhone.Build.0 = Release|Any CPU
		{E90E4D61-D55E-4185-AE9E-C8977140694A}.Release.AppStore|iPhoneSimulator.ActiveCfg = Release|Any CPU
		{E90E4D61-D55E-4185-AE9E-C8977140694A}.Release.AppStore|iPhoneSimulator.Build.0 = Release|Any CPU
		{E90E4D61-D55E-4185-AE9E-C8977140694A}.Release.PlayStore|Any CPU.ActiveCfg = Debug|Any CPU
		{E90E4D61-D55E-4185-AE9E-C8977140694A}.Release.PlayStore|iPhone.ActiveCfg = Release|Any CPU
		{E90E4D61-D55E-4185-AE9E-C8977140694A}.Release.PlayStore|iPhone.Build.0 = Release|Any CPU
		{E90E4D61-D55E-4185-AE9E-C8977140694A}.Release.PlayStore|iPhoneSimulator.ActiveCfg = Release|Any CPU
		{E90E4D61-D55E-4185-AE9E-C8977140694A}.Release.PlayStore|iPhoneSimulator.Build.0 = Release|Any CPU
		{E90E4D61-D55E-4185-AE9E-C8977140694A}.Release.TestFlight|Any CPU.ActiveCfg = Release|Any CPU
		{E90E4D61-D55E-4185-AE9E-C8977140694A}.Release.TestFlight|Any CPU.Build.0 = Release|Any CPU
		{E90E4D61-D55E-4185-AE9E-C8977140694A}.Release.TestFlight|iPhone.ActiveCfg = Release|Any CPU
		{E90E4D61-D55E-4185-AE9E-C8977140694A}.Release.TestFlight|iPhone.Build.0 = Release|Any CPU
		{E90E4D61-D55E-4185-AE9E-C8977140694A}.Release.TestFlight|iPhoneSimulator.ActiveCfg = Release|Any CPU
		{E90E4D61-D55E-4185-AE9E-C8977140694A}.Release.TestFlight|iPhoneSimulator.Build.0 = Release|Any CPU
		{E90E4D61-D55E-4185-AE9E-C8977140694A}.Release|Any CPU.ActiveCfg = Release|Any CPU
		{E90E4D61-D55E-4185-AE9E-C8977140694A}.Release|Any CPU.Build.0 = Release|Any CPU
		{E90E4D61-D55E-4185-AE9E-C8977140694A}.Release|iPhone.ActiveCfg = Release|Any CPU
		{E90E4D61-D55E-4185-AE9E-C8977140694A}.Release|iPhone.Build.0 = Release|Any CPU
		{E90E4D61-D55E-4185-AE9E-C8977140694A}.Release|iPhoneSimulator.ActiveCfg = Release|Any CPU
		{E90E4D61-D55E-4185-AE9E-C8977140694A}.Release|iPhoneSimulator.Build.0 = Release|Any CPU
		{E90E4D61-D55E-4185-AE9E-C8977140694A}.UnitTests|Any CPU.ActiveCfg = Debug|Any CPU
		{E90E4D61-D55E-4185-AE9E-C8977140694A}.UnitTests|Any CPU.Build.0 = Debug|Any CPU
		{E90E4D61-D55E-4185-AE9E-C8977140694A}.UnitTests|iPhone.ActiveCfg = Release|Any CPU
		{E90E4D61-D55E-4185-AE9E-C8977140694A}.UnitTests|iPhone.Build.0 = Release|Any CPU
		{E90E4D61-D55E-4185-AE9E-C8977140694A}.UnitTests|iPhoneSimulator.ActiveCfg = Release|Any CPU
		{E90E4D61-D55E-4185-AE9E-C8977140694A}.UnitTests|iPhoneSimulator.Build.0 = Release|Any CPU
		{5ACEB155-9DD4-4309-BCC9-997A09950393}.ApiTests|Any CPU.ActiveCfg = Debug|Any CPU
		{5ACEB155-9DD4-4309-BCC9-997A09950393}.ApiTests|Any CPU.Build.0 = Debug|Any CPU
		{5ACEB155-9DD4-4309-BCC9-997A09950393}.ApiTests|iPhone.ActiveCfg = Release|Any CPU
		{5ACEB155-9DD4-4309-BCC9-997A09950393}.ApiTests|iPhone.Build.0 = Release|Any CPU
		{5ACEB155-9DD4-4309-BCC9-997A09950393}.ApiTests|iPhoneSimulator.ActiveCfg = Release|Any CPU
		{5ACEB155-9DD4-4309-BCC9-997A09950393}.ApiTests|iPhoneSimulator.Build.0 = Release|Any CPU
		{5ACEB155-9DD4-4309-BCC9-997A09950393}.Debug|Any CPU.ActiveCfg = Debug|Any CPU
		{5ACEB155-9DD4-4309-BCC9-997A09950393}.Debug|Any CPU.Build.0 = Debug|Any CPU
		{5ACEB155-9DD4-4309-BCC9-997A09950393}.Debug|iPhone.ActiveCfg = Debug|Any CPU
		{5ACEB155-9DD4-4309-BCC9-997A09950393}.Debug|iPhone.Build.0 = Debug|Any CPU
		{5ACEB155-9DD4-4309-BCC9-997A09950393}.Debug|iPhoneSimulator.ActiveCfg = Debug|Any CPU
		{5ACEB155-9DD4-4309-BCC9-997A09950393}.Debug|iPhoneSimulator.Build.0 = Debug|Any CPU
		{5ACEB155-9DD4-4309-BCC9-997A09950393}.Release.AdHoc.Giskard|Any CPU.ActiveCfg = Release|Any CPU
		{5ACEB155-9DD4-4309-BCC9-997A09950393}.Release.AdHoc.Giskard|Any CPU.Build.0 = Release|Any CPU
		{5ACEB155-9DD4-4309-BCC9-997A09950393}.Release.AdHoc.Giskard|iPhone.ActiveCfg = Release|Any CPU
		{5ACEB155-9DD4-4309-BCC9-997A09950393}.Release.AdHoc.Giskard|iPhone.Build.0 = Release|Any CPU
		{5ACEB155-9DD4-4309-BCC9-997A09950393}.Release.AdHoc.Giskard|iPhoneSimulator.ActiveCfg = Release|Any CPU
		{5ACEB155-9DD4-4309-BCC9-997A09950393}.Release.AdHoc.Giskard|iPhoneSimulator.Build.0 = Release|Any CPU
		{5ACEB155-9DD4-4309-BCC9-997A09950393}.Release.AdHoc|Any CPU.ActiveCfg = Release|Any CPU
		{5ACEB155-9DD4-4309-BCC9-997A09950393}.Release.AdHoc|Any CPU.Build.0 = Release|Any CPU
		{5ACEB155-9DD4-4309-BCC9-997A09950393}.Release.AdHoc|iPhone.ActiveCfg = Release|Any CPU
		{5ACEB155-9DD4-4309-BCC9-997A09950393}.Release.AdHoc|iPhone.Build.0 = Release|Any CPU
		{5ACEB155-9DD4-4309-BCC9-997A09950393}.Release.AdHoc|iPhoneSimulator.ActiveCfg = Release|Any CPU
		{5ACEB155-9DD4-4309-BCC9-997A09950393}.Release.AdHoc|iPhoneSimulator.Build.0 = Release|Any CPU
		{5ACEB155-9DD4-4309-BCC9-997A09950393}.Release.AppStore|Any CPU.ActiveCfg = Release|Any CPU
		{5ACEB155-9DD4-4309-BCC9-997A09950393}.Release.AppStore|Any CPU.Build.0 = Release|Any CPU
		{5ACEB155-9DD4-4309-BCC9-997A09950393}.Release.AppStore|iPhone.ActiveCfg = Release|Any CPU
		{5ACEB155-9DD4-4309-BCC9-997A09950393}.Release.AppStore|iPhone.Build.0 = Release|Any CPU
		{5ACEB155-9DD4-4309-BCC9-997A09950393}.Release.AppStore|iPhoneSimulator.ActiveCfg = Release|Any CPU
		{5ACEB155-9DD4-4309-BCC9-997A09950393}.Release.AppStore|iPhoneSimulator.Build.0 = Release|Any CPU
		{5ACEB155-9DD4-4309-BCC9-997A09950393}.Release.PlayStore|Any CPU.ActiveCfg = Release|Any CPU
		{5ACEB155-9DD4-4309-BCC9-997A09950393}.Release.PlayStore|Any CPU.Build.0 = Release|Any CPU
		{5ACEB155-9DD4-4309-BCC9-997A09950393}.Release.PlayStore|iPhone.ActiveCfg = Release|Any CPU
		{5ACEB155-9DD4-4309-BCC9-997A09950393}.Release.PlayStore|iPhone.Build.0 = Release|Any CPU
		{5ACEB155-9DD4-4309-BCC9-997A09950393}.Release.PlayStore|iPhoneSimulator.ActiveCfg = Release|Any CPU
		{5ACEB155-9DD4-4309-BCC9-997A09950393}.Release.PlayStore|iPhoneSimulator.Build.0 = Release|Any CPU
		{5ACEB155-9DD4-4309-BCC9-997A09950393}.Release.TestFlight|Any CPU.ActiveCfg = Release|Any CPU
		{5ACEB155-9DD4-4309-BCC9-997A09950393}.Release.TestFlight|Any CPU.Build.0 = Release|Any CPU
		{5ACEB155-9DD4-4309-BCC9-997A09950393}.Release.TestFlight|iPhone.ActiveCfg = Release|Any CPU
		{5ACEB155-9DD4-4309-BCC9-997A09950393}.Release.TestFlight|iPhone.Build.0 = Release|Any CPU
		{5ACEB155-9DD4-4309-BCC9-997A09950393}.Release.TestFlight|iPhoneSimulator.ActiveCfg = Release|Any CPU
		{5ACEB155-9DD4-4309-BCC9-997A09950393}.Release.TestFlight|iPhoneSimulator.Build.0 = Release|Any CPU
		{5ACEB155-9DD4-4309-BCC9-997A09950393}.Release|Any CPU.ActiveCfg = Release|Any CPU
		{5ACEB155-9DD4-4309-BCC9-997A09950393}.Release|Any CPU.Build.0 = Release|Any CPU
		{5ACEB155-9DD4-4309-BCC9-997A09950393}.Release|iPhone.ActiveCfg = Release|Any CPU
		{5ACEB155-9DD4-4309-BCC9-997A09950393}.Release|iPhone.Build.0 = Release|Any CPU
		{5ACEB155-9DD4-4309-BCC9-997A09950393}.Release|iPhoneSimulator.ActiveCfg = Release|Any CPU
		{5ACEB155-9DD4-4309-BCC9-997A09950393}.Release|iPhoneSimulator.Build.0 = Release|Any CPU
		{5ACEB155-9DD4-4309-BCC9-997A09950393}.UnitTests|Any CPU.ActiveCfg = Debug|Any CPU
		{5ACEB155-9DD4-4309-BCC9-997A09950393}.UnitTests|Any CPU.Build.0 = Debug|Any CPU
		{5ACEB155-9DD4-4309-BCC9-997A09950393}.UnitTests|iPhone.ActiveCfg = Release|Any CPU
		{5ACEB155-9DD4-4309-BCC9-997A09950393}.UnitTests|iPhone.Build.0 = Release|Any CPU
		{5ACEB155-9DD4-4309-BCC9-997A09950393}.UnitTests|iPhoneSimulator.ActiveCfg = Release|Any CPU
		{5ACEB155-9DD4-4309-BCC9-997A09950393}.UnitTests|iPhoneSimulator.Build.0 = Release|Any CPU
		{8598D5CB-4E3A-4F99-8E80-CC4EA8609ED8}.ApiTests|Any CPU.ActiveCfg = Debug|Any CPU
		{8598D5CB-4E3A-4F99-8E80-CC4EA8609ED8}.ApiTests|iPhone.ActiveCfg = Release|Any CPU
		{8598D5CB-4E3A-4F99-8E80-CC4EA8609ED8}.ApiTests|iPhone.Build.0 = Release|Any CPU
		{8598D5CB-4E3A-4F99-8E80-CC4EA8609ED8}.ApiTests|iPhoneSimulator.ActiveCfg = Release|Any CPU
		{8598D5CB-4E3A-4F99-8E80-CC4EA8609ED8}.ApiTests|iPhoneSimulator.Build.0 = Release|Any CPU
		{8598D5CB-4E3A-4F99-8E80-CC4EA8609ED8}.Debug|Any CPU.ActiveCfg = Debug|Any CPU
		{8598D5CB-4E3A-4F99-8E80-CC4EA8609ED8}.Debug|Any CPU.Build.0 = Debug|Any CPU
		{8598D5CB-4E3A-4F99-8E80-CC4EA8609ED8}.Debug|iPhone.ActiveCfg = Debug|Any CPU
		{8598D5CB-4E3A-4F99-8E80-CC4EA8609ED8}.Debug|iPhone.Build.0 = Debug|Any CPU
		{8598D5CB-4E3A-4F99-8E80-CC4EA8609ED8}.Debug|iPhoneSimulator.ActiveCfg = Debug|Any CPU
		{8598D5CB-4E3A-4F99-8E80-CC4EA8609ED8}.Debug|iPhoneSimulator.Build.0 = Debug|Any CPU
		{8598D5CB-4E3A-4F99-8E80-CC4EA8609ED8}.Release.AdHoc.Giskard|Any CPU.ActiveCfg = Debug|Any CPU
		{8598D5CB-4E3A-4F99-8E80-CC4EA8609ED8}.Release.AdHoc.Giskard|iPhone.ActiveCfg = Release|Any CPU
		{8598D5CB-4E3A-4F99-8E80-CC4EA8609ED8}.Release.AdHoc.Giskard|iPhone.Build.0 = Release|Any CPU
		{8598D5CB-4E3A-4F99-8E80-CC4EA8609ED8}.Release.AdHoc.Giskard|iPhoneSimulator.ActiveCfg = Release|Any CPU
		{8598D5CB-4E3A-4F99-8E80-CC4EA8609ED8}.Release.AdHoc.Giskard|iPhoneSimulator.Build.0 = Release|Any CPU
		{8598D5CB-4E3A-4F99-8E80-CC4EA8609ED8}.Release.AdHoc|Any CPU.ActiveCfg = Debug|Any CPU
		{8598D5CB-4E3A-4F99-8E80-CC4EA8609ED8}.Release.AdHoc|iPhone.ActiveCfg = Release|Any CPU
		{8598D5CB-4E3A-4F99-8E80-CC4EA8609ED8}.Release.AdHoc|iPhone.Build.0 = Release|Any CPU
		{8598D5CB-4E3A-4F99-8E80-CC4EA8609ED8}.Release.AdHoc|iPhoneSimulator.ActiveCfg = Release|Any CPU
		{8598D5CB-4E3A-4F99-8E80-CC4EA8609ED8}.Release.AdHoc|iPhoneSimulator.Build.0 = Release|Any CPU
		{8598D5CB-4E3A-4F99-8E80-CC4EA8609ED8}.Release.AppStore|Any CPU.ActiveCfg = Release|Any CPU
		{8598D5CB-4E3A-4F99-8E80-CC4EA8609ED8}.Release.AppStore|iPhone.ActiveCfg = Release|Any CPU
		{8598D5CB-4E3A-4F99-8E80-CC4EA8609ED8}.Release.AppStore|iPhone.Build.0 = Release|Any CPU
		{8598D5CB-4E3A-4F99-8E80-CC4EA8609ED8}.Release.AppStore|iPhoneSimulator.ActiveCfg = Release|Any CPU
		{8598D5CB-4E3A-4F99-8E80-CC4EA8609ED8}.Release.AppStore|iPhoneSimulator.Build.0 = Release|Any CPU
		{8598D5CB-4E3A-4F99-8E80-CC4EA8609ED8}.Release.PlayStore|Any CPU.ActiveCfg = Debug|Any CPU
		{8598D5CB-4E3A-4F99-8E80-CC4EA8609ED8}.Release.PlayStore|iPhone.ActiveCfg = Release|Any CPU
		{8598D5CB-4E3A-4F99-8E80-CC4EA8609ED8}.Release.PlayStore|iPhone.Build.0 = Release|Any CPU
		{8598D5CB-4E3A-4F99-8E80-CC4EA8609ED8}.Release.PlayStore|iPhoneSimulator.ActiveCfg = Release|Any CPU
		{8598D5CB-4E3A-4F99-8E80-CC4EA8609ED8}.Release.PlayStore|iPhoneSimulator.Build.0 = Release|Any CPU
		{8598D5CB-4E3A-4F99-8E80-CC4EA8609ED8}.Release.TestFlight|Any CPU.ActiveCfg = Release|Any CPU
		{8598D5CB-4E3A-4F99-8E80-CC4EA8609ED8}.Release.TestFlight|Any CPU.Build.0 = Release|Any CPU
		{8598D5CB-4E3A-4F99-8E80-CC4EA8609ED8}.Release.TestFlight|iPhone.ActiveCfg = Release|Any CPU
		{8598D5CB-4E3A-4F99-8E80-CC4EA8609ED8}.Release.TestFlight|iPhone.Build.0 = Release|Any CPU
		{8598D5CB-4E3A-4F99-8E80-CC4EA8609ED8}.Release.TestFlight|iPhoneSimulator.ActiveCfg = Release|Any CPU
		{8598D5CB-4E3A-4F99-8E80-CC4EA8609ED8}.Release.TestFlight|iPhoneSimulator.Build.0 = Release|Any CPU
		{8598D5CB-4E3A-4F99-8E80-CC4EA8609ED8}.Release|Any CPU.ActiveCfg = Release|Any CPU
		{8598D5CB-4E3A-4F99-8E80-CC4EA8609ED8}.Release|Any CPU.Build.0 = Release|Any CPU
		{8598D5CB-4E3A-4F99-8E80-CC4EA8609ED8}.Release|iPhone.ActiveCfg = Release|Any CPU
		{8598D5CB-4E3A-4F99-8E80-CC4EA8609ED8}.Release|iPhone.Build.0 = Release|Any CPU
		{8598D5CB-4E3A-4F99-8E80-CC4EA8609ED8}.Release|iPhoneSimulator.ActiveCfg = Release|Any CPU
		{8598D5CB-4E3A-4F99-8E80-CC4EA8609ED8}.Release|iPhoneSimulator.Build.0 = Release|Any CPU
		{8598D5CB-4E3A-4F99-8E80-CC4EA8609ED8}.UnitTests|Any CPU.ActiveCfg = Debug|Any CPU
		{8598D5CB-4E3A-4F99-8E80-CC4EA8609ED8}.UnitTests|Any CPU.Build.0 = Debug|Any CPU
		{8598D5CB-4E3A-4F99-8E80-CC4EA8609ED8}.UnitTests|iPhone.ActiveCfg = Release|Any CPU
		{8598D5CB-4E3A-4F99-8E80-CC4EA8609ED8}.UnitTests|iPhone.Build.0 = Release|Any CPU
		{8598D5CB-4E3A-4F99-8E80-CC4EA8609ED8}.UnitTests|iPhoneSimulator.ActiveCfg = Release|Any CPU
		{8598D5CB-4E3A-4F99-8E80-CC4EA8609ED8}.UnitTests|iPhoneSimulator.Build.0 = Release|Any CPU
		{C400D1A6-5DC5-4A92-8DD0-FF272D0D1189}.ApiTests|Any CPU.ActiveCfg = Debug|Any CPU
		{C400D1A6-5DC5-4A92-8DD0-FF272D0D1189}.ApiTests|Any CPU.Build.0 = Debug|Any CPU
		{C400D1A6-5DC5-4A92-8DD0-FF272D0D1189}.ApiTests|iPhone.ActiveCfg = Release|Any CPU
		{C400D1A6-5DC5-4A92-8DD0-FF272D0D1189}.ApiTests|iPhone.Build.0 = Release|Any CPU
		{C400D1A6-5DC5-4A92-8DD0-FF272D0D1189}.ApiTests|iPhoneSimulator.ActiveCfg = Release|Any CPU
		{C400D1A6-5DC5-4A92-8DD0-FF272D0D1189}.ApiTests|iPhoneSimulator.Build.0 = Release|Any CPU
		{C400D1A6-5DC5-4A92-8DD0-FF272D0D1189}.Debug|Any CPU.ActiveCfg = Debug|Any CPU
		{C400D1A6-5DC5-4A92-8DD0-FF272D0D1189}.Debug|Any CPU.Build.0 = Debug|Any CPU
		{C400D1A6-5DC5-4A92-8DD0-FF272D0D1189}.Debug|iPhone.ActiveCfg = Debug|Any CPU
		{C400D1A6-5DC5-4A92-8DD0-FF272D0D1189}.Debug|iPhone.Build.0 = Debug|Any CPU
		{C400D1A6-5DC5-4A92-8DD0-FF272D0D1189}.Debug|iPhoneSimulator.ActiveCfg = Debug|Any CPU
		{C400D1A6-5DC5-4A92-8DD0-FF272D0D1189}.Debug|iPhoneSimulator.Build.0 = Debug|Any CPU
		{C400D1A6-5DC5-4A92-8DD0-FF272D0D1189}.Release.AdHoc.Giskard|Any CPU.ActiveCfg = Debug|Any CPU
		{C400D1A6-5DC5-4A92-8DD0-FF272D0D1189}.Release.AdHoc.Giskard|iPhone.ActiveCfg = Release|Any CPU
		{C400D1A6-5DC5-4A92-8DD0-FF272D0D1189}.Release.AdHoc.Giskard|iPhone.Build.0 = Release|Any CPU
		{C400D1A6-5DC5-4A92-8DD0-FF272D0D1189}.Release.AdHoc.Giskard|iPhoneSimulator.ActiveCfg = Release|Any CPU
		{C400D1A6-5DC5-4A92-8DD0-FF272D0D1189}.Release.AdHoc.Giskard|iPhoneSimulator.Build.0 = Release|Any CPU
		{C400D1A6-5DC5-4A92-8DD0-FF272D0D1189}.Release.AdHoc|Any CPU.ActiveCfg = Debug|Any CPU
		{C400D1A6-5DC5-4A92-8DD0-FF272D0D1189}.Release.AdHoc|iPhone.ActiveCfg = Release|Any CPU
		{C400D1A6-5DC5-4A92-8DD0-FF272D0D1189}.Release.AdHoc|iPhone.Build.0 = Release|Any CPU
		{C400D1A6-5DC5-4A92-8DD0-FF272D0D1189}.Release.AdHoc|iPhoneSimulator.ActiveCfg = Release|Any CPU
		{C400D1A6-5DC5-4A92-8DD0-FF272D0D1189}.Release.AdHoc|iPhoneSimulator.Build.0 = Release|Any CPU
		{C400D1A6-5DC5-4A92-8DD0-FF272D0D1189}.Release.AppStore|Any CPU.ActiveCfg = Release|Any CPU
		{C400D1A6-5DC5-4A92-8DD0-FF272D0D1189}.Release.AppStore|iPhone.ActiveCfg = Release|Any CPU
		{C400D1A6-5DC5-4A92-8DD0-FF272D0D1189}.Release.AppStore|iPhone.Build.0 = Release|Any CPU
		{C400D1A6-5DC5-4A92-8DD0-FF272D0D1189}.Release.AppStore|iPhoneSimulator.ActiveCfg = Release|Any CPU
		{C400D1A6-5DC5-4A92-8DD0-FF272D0D1189}.Release.AppStore|iPhoneSimulator.Build.0 = Release|Any CPU
		{C400D1A6-5DC5-4A92-8DD0-FF272D0D1189}.Release.PlayStore|Any CPU.ActiveCfg = Debug|Any CPU
		{C400D1A6-5DC5-4A92-8DD0-FF272D0D1189}.Release.PlayStore|iPhone.ActiveCfg = Release|Any CPU
		{C400D1A6-5DC5-4A92-8DD0-FF272D0D1189}.Release.PlayStore|iPhone.Build.0 = Release|Any CPU
		{C400D1A6-5DC5-4A92-8DD0-FF272D0D1189}.Release.PlayStore|iPhoneSimulator.ActiveCfg = Release|Any CPU
		{C400D1A6-5DC5-4A92-8DD0-FF272D0D1189}.Release.PlayStore|iPhoneSimulator.Build.0 = Release|Any CPU
		{C400D1A6-5DC5-4A92-8DD0-FF272D0D1189}.Release.TestFlight|Any CPU.ActiveCfg = Release|Any CPU
		{C400D1A6-5DC5-4A92-8DD0-FF272D0D1189}.Release.TestFlight|Any CPU.Build.0 = Release|Any CPU
		{C400D1A6-5DC5-4A92-8DD0-FF272D0D1189}.Release.TestFlight|iPhone.ActiveCfg = Release|Any CPU
		{C400D1A6-5DC5-4A92-8DD0-FF272D0D1189}.Release.TestFlight|iPhone.Build.0 = Release|Any CPU
		{C400D1A6-5DC5-4A92-8DD0-FF272D0D1189}.Release.TestFlight|iPhoneSimulator.ActiveCfg = Release|Any CPU
		{C400D1A6-5DC5-4A92-8DD0-FF272D0D1189}.Release.TestFlight|iPhoneSimulator.Build.0 = Release|Any CPU
		{C400D1A6-5DC5-4A92-8DD0-FF272D0D1189}.Release|Any CPU.ActiveCfg = Release|Any CPU
		{C400D1A6-5DC5-4A92-8DD0-FF272D0D1189}.Release|Any CPU.Build.0 = Release|Any CPU
		{C400D1A6-5DC5-4A92-8DD0-FF272D0D1189}.Release|iPhone.ActiveCfg = Release|Any CPU
		{C400D1A6-5DC5-4A92-8DD0-FF272D0D1189}.Release|iPhone.Build.0 = Release|Any CPU
		{C400D1A6-5DC5-4A92-8DD0-FF272D0D1189}.Release|iPhoneSimulator.ActiveCfg = Release|Any CPU
		{C400D1A6-5DC5-4A92-8DD0-FF272D0D1189}.Release|iPhoneSimulator.Build.0 = Release|Any CPU
		{C400D1A6-5DC5-4A92-8DD0-FF272D0D1189}.UnitTests|Any CPU.ActiveCfg = Debug|Any CPU
		{C400D1A6-5DC5-4A92-8DD0-FF272D0D1189}.UnitTests|Any CPU.Build.0 = Debug|Any CPU
		{C400D1A6-5DC5-4A92-8DD0-FF272D0D1189}.UnitTests|iPhone.ActiveCfg = Release|Any CPU
		{C400D1A6-5DC5-4A92-8DD0-FF272D0D1189}.UnitTests|iPhone.Build.0 = Release|Any CPU
		{C400D1A6-5DC5-4A92-8DD0-FF272D0D1189}.UnitTests|iPhoneSimulator.ActiveCfg = Release|Any CPU
		{C400D1A6-5DC5-4A92-8DD0-FF272D0D1189}.UnitTests|iPhoneSimulator.Build.0 = Release|Any CPU
		{3A603451-31B2-4975-9366-3212BEA78F57}.ApiTests|Any CPU.ActiveCfg = Debug|Any CPU
		{3A603451-31B2-4975-9366-3212BEA78F57}.ApiTests|iPhone.ActiveCfg = Release|Any CPU
		{3A603451-31B2-4975-9366-3212BEA78F57}.ApiTests|iPhone.Build.0 = Release|Any CPU
		{3A603451-31B2-4975-9366-3212BEA78F57}.ApiTests|iPhoneSimulator.ActiveCfg = Release|Any CPU
		{3A603451-31B2-4975-9366-3212BEA78F57}.ApiTests|iPhoneSimulator.Build.0 = Release|Any CPU
		{3A603451-31B2-4975-9366-3212BEA78F57}.Debug|Any CPU.ActiveCfg = Debug|Any CPU
		{3A603451-31B2-4975-9366-3212BEA78F57}.Debug|Any CPU.Build.0 = Debug|Any CPU
		{3A603451-31B2-4975-9366-3212BEA78F57}.Debug|iPhone.ActiveCfg = Debug|Any CPU
		{3A603451-31B2-4975-9366-3212BEA78F57}.Debug|iPhone.Build.0 = Debug|Any CPU
		{3A603451-31B2-4975-9366-3212BEA78F57}.Debug|iPhoneSimulator.ActiveCfg = Debug|Any CPU
		{3A603451-31B2-4975-9366-3212BEA78F57}.Debug|iPhoneSimulator.Build.0 = Debug|Any CPU
		{3A603451-31B2-4975-9366-3212BEA78F57}.Release.AdHoc.Giskard|Any CPU.ActiveCfg = Release|Any CPU
		{3A603451-31B2-4975-9366-3212BEA78F57}.Release.AdHoc.Giskard|Any CPU.Build.0 = Release|Any CPU
		{3A603451-31B2-4975-9366-3212BEA78F57}.Release.AdHoc.Giskard|iPhone.ActiveCfg = Release|Any CPU
		{3A603451-31B2-4975-9366-3212BEA78F57}.Release.AdHoc.Giskard|iPhone.Build.0 = Release|Any CPU
		{3A603451-31B2-4975-9366-3212BEA78F57}.Release.AdHoc.Giskard|iPhoneSimulator.ActiveCfg = Release|Any CPU
		{3A603451-31B2-4975-9366-3212BEA78F57}.Release.AdHoc.Giskard|iPhoneSimulator.Build.0 = Release|Any CPU
		{3A603451-31B2-4975-9366-3212BEA78F57}.Release.AdHoc|Any CPU.ActiveCfg = Release|Any CPU
		{3A603451-31B2-4975-9366-3212BEA78F57}.Release.AdHoc|Any CPU.Build.0 = Release|Any CPU
		{3A603451-31B2-4975-9366-3212BEA78F57}.Release.AdHoc|iPhone.ActiveCfg = Release|Any CPU
		{3A603451-31B2-4975-9366-3212BEA78F57}.Release.AdHoc|iPhone.Build.0 = Release|Any CPU
		{3A603451-31B2-4975-9366-3212BEA78F57}.Release.AdHoc|iPhoneSimulator.ActiveCfg = Release|Any CPU
		{3A603451-31B2-4975-9366-3212BEA78F57}.Release.AdHoc|iPhoneSimulator.Build.0 = Release|Any CPU
		{3A603451-31B2-4975-9366-3212BEA78F57}.Release.AppStore|Any CPU.ActiveCfg = Release|Any CPU
		{3A603451-31B2-4975-9366-3212BEA78F57}.Release.AppStore|Any CPU.Build.0 = Release|Any CPU
		{3A603451-31B2-4975-9366-3212BEA78F57}.Release.AppStore|iPhone.ActiveCfg = Release|Any CPU
		{3A603451-31B2-4975-9366-3212BEA78F57}.Release.AppStore|iPhone.Build.0 = Release|Any CPU
		{3A603451-31B2-4975-9366-3212BEA78F57}.Release.AppStore|iPhoneSimulator.ActiveCfg = Release|Any CPU
		{3A603451-31B2-4975-9366-3212BEA78F57}.Release.AppStore|iPhoneSimulator.Build.0 = Release|Any CPU
		{3A603451-31B2-4975-9366-3212BEA78F57}.Release.PlayStore|Any CPU.ActiveCfg = Release|Any CPU
		{3A603451-31B2-4975-9366-3212BEA78F57}.Release.PlayStore|Any CPU.Build.0 = Release|Any CPU
		{3A603451-31B2-4975-9366-3212BEA78F57}.Release.PlayStore|iPhone.ActiveCfg = Release|Any CPU
		{3A603451-31B2-4975-9366-3212BEA78F57}.Release.PlayStore|iPhone.Build.0 = Release|Any CPU
		{3A603451-31B2-4975-9366-3212BEA78F57}.Release.PlayStore|iPhoneSimulator.ActiveCfg = Release|Any CPU
		{3A603451-31B2-4975-9366-3212BEA78F57}.Release.PlayStore|iPhoneSimulator.Build.0 = Release|Any CPU
		{3A603451-31B2-4975-9366-3212BEA78F57}.Release.TestFlight|Any CPU.ActiveCfg = Release|Any CPU
		{3A603451-31B2-4975-9366-3212BEA78F57}.Release.TestFlight|Any CPU.Build.0 = Release|Any CPU
		{3A603451-31B2-4975-9366-3212BEA78F57}.Release.TestFlight|iPhone.ActiveCfg = Release|Any CPU
		{3A603451-31B2-4975-9366-3212BEA78F57}.Release.TestFlight|iPhone.Build.0 = Release|Any CPU
		{3A603451-31B2-4975-9366-3212BEA78F57}.Release.TestFlight|iPhoneSimulator.ActiveCfg = Release|Any CPU
		{3A603451-31B2-4975-9366-3212BEA78F57}.Release.TestFlight|iPhoneSimulator.Build.0 = Release|Any CPU
		{3A603451-31B2-4975-9366-3212BEA78F57}.Release|Any CPU.ActiveCfg = Release|Any CPU
		{3A603451-31B2-4975-9366-3212BEA78F57}.Release|Any CPU.Build.0 = Release|Any CPU
		{3A603451-31B2-4975-9366-3212BEA78F57}.Release|iPhone.ActiveCfg = Release|Any CPU
		{3A603451-31B2-4975-9366-3212BEA78F57}.Release|iPhone.Build.0 = Release|Any CPU
		{3A603451-31B2-4975-9366-3212BEA78F57}.Release|iPhoneSimulator.ActiveCfg = Release|Any CPU
		{3A603451-31B2-4975-9366-3212BEA78F57}.Release|iPhoneSimulator.Build.0 = Release|Any CPU
		{3A603451-31B2-4975-9366-3212BEA78F57}.UnitTests|Any CPU.ActiveCfg = Debug|Any CPU
		{3A603451-31B2-4975-9366-3212BEA78F57}.UnitTests|Any CPU.Build.0 = Debug|Any CPU
		{3A603451-31B2-4975-9366-3212BEA78F57}.UnitTests|iPhone.ActiveCfg = Release|Any CPU
		{3A603451-31B2-4975-9366-3212BEA78F57}.UnitTests|iPhone.Build.0 = Release|Any CPU
		{3A603451-31B2-4975-9366-3212BEA78F57}.UnitTests|iPhoneSimulator.ActiveCfg = Release|Any CPU
		{3A603451-31B2-4975-9366-3212BEA78F57}.UnitTests|iPhoneSimulator.Build.0 = Release|Any CPU
		{7716BCE9-A3D4-4359-A02E-94380BDF83C7}.ApiTests|Any CPU.ActiveCfg = Debug|Any CPU
		{7716BCE9-A3D4-4359-A02E-94380BDF83C7}.ApiTests|iPhone.ActiveCfg = Release|Any CPU
		{7716BCE9-A3D4-4359-A02E-94380BDF83C7}.ApiTests|iPhone.Build.0 = Release|Any CPU
		{7716BCE9-A3D4-4359-A02E-94380BDF83C7}.ApiTests|iPhoneSimulator.ActiveCfg = Release|Any CPU
		{7716BCE9-A3D4-4359-A02E-94380BDF83C7}.ApiTests|iPhoneSimulator.Build.0 = Release|Any CPU
		{7716BCE9-A3D4-4359-A02E-94380BDF83C7}.Debug|Any CPU.ActiveCfg = Debug|Any CPU
		{7716BCE9-A3D4-4359-A02E-94380BDF83C7}.Debug|Any CPU.Build.0 = Debug|Any CPU
		{7716BCE9-A3D4-4359-A02E-94380BDF83C7}.Debug|iPhone.ActiveCfg = Debug|Any CPU
		{7716BCE9-A3D4-4359-A02E-94380BDF83C7}.Debug|iPhone.Build.0 = Debug|Any CPU
		{7716BCE9-A3D4-4359-A02E-94380BDF83C7}.Debug|iPhoneSimulator.ActiveCfg = Debug|Any CPU
		{7716BCE9-A3D4-4359-A02E-94380BDF83C7}.Debug|iPhoneSimulator.Build.0 = Debug|Any CPU
		{7716BCE9-A3D4-4359-A02E-94380BDF83C7}.Release.AdHoc.Giskard|Any CPU.ActiveCfg = Release|Any CPU
		{7716BCE9-A3D4-4359-A02E-94380BDF83C7}.Release.AdHoc.Giskard|Any CPU.Build.0 = Release|Any CPU
		{7716BCE9-A3D4-4359-A02E-94380BDF83C7}.Release.AdHoc.Giskard|iPhone.ActiveCfg = Release|Any CPU
		{7716BCE9-A3D4-4359-A02E-94380BDF83C7}.Release.AdHoc.Giskard|iPhone.Build.0 = Release|Any CPU
		{7716BCE9-A3D4-4359-A02E-94380BDF83C7}.Release.AdHoc.Giskard|iPhoneSimulator.ActiveCfg = Release|Any CPU
		{7716BCE9-A3D4-4359-A02E-94380BDF83C7}.Release.AdHoc.Giskard|iPhoneSimulator.Build.0 = Release|Any CPU
		{7716BCE9-A3D4-4359-A02E-94380BDF83C7}.Release.AdHoc|Any CPU.ActiveCfg = Release|Any CPU
		{7716BCE9-A3D4-4359-A02E-94380BDF83C7}.Release.AdHoc|Any CPU.Build.0 = Release|Any CPU
		{7716BCE9-A3D4-4359-A02E-94380BDF83C7}.Release.AdHoc|iPhone.ActiveCfg = Release|Any CPU
		{7716BCE9-A3D4-4359-A02E-94380BDF83C7}.Release.AdHoc|iPhone.Build.0 = Release|Any CPU
		{7716BCE9-A3D4-4359-A02E-94380BDF83C7}.Release.AdHoc|iPhoneSimulator.ActiveCfg = Release|Any CPU
		{7716BCE9-A3D4-4359-A02E-94380BDF83C7}.Release.AdHoc|iPhoneSimulator.Build.0 = Release|Any CPU
		{7716BCE9-A3D4-4359-A02E-94380BDF83C7}.Release.AppStore|Any CPU.ActiveCfg = Release|Any CPU
		{7716BCE9-A3D4-4359-A02E-94380BDF83C7}.Release.AppStore|Any CPU.Build.0 = Release|Any CPU
		{7716BCE9-A3D4-4359-A02E-94380BDF83C7}.Release.AppStore|iPhone.ActiveCfg = Release|Any CPU
		{7716BCE9-A3D4-4359-A02E-94380BDF83C7}.Release.AppStore|iPhone.Build.0 = Release|Any CPU
		{7716BCE9-A3D4-4359-A02E-94380BDF83C7}.Release.AppStore|iPhoneSimulator.ActiveCfg = Release|Any CPU
		{7716BCE9-A3D4-4359-A02E-94380BDF83C7}.Release.AppStore|iPhoneSimulator.Build.0 = Release|Any CPU
		{7716BCE9-A3D4-4359-A02E-94380BDF83C7}.Release.PlayStore|Any CPU.ActiveCfg = Release|Any CPU
		{7716BCE9-A3D4-4359-A02E-94380BDF83C7}.Release.PlayStore|Any CPU.Build.0 = Release|Any CPU
		{7716BCE9-A3D4-4359-A02E-94380BDF83C7}.Release.PlayStore|iPhone.ActiveCfg = Release|Any CPU
		{7716BCE9-A3D4-4359-A02E-94380BDF83C7}.Release.PlayStore|iPhone.Build.0 = Release|Any CPU
		{7716BCE9-A3D4-4359-A02E-94380BDF83C7}.Release.PlayStore|iPhoneSimulator.ActiveCfg = Release|Any CPU
		{7716BCE9-A3D4-4359-A02E-94380BDF83C7}.Release.PlayStore|iPhoneSimulator.Build.0 = Release|Any CPU
		{7716BCE9-A3D4-4359-A02E-94380BDF83C7}.Release.TestFlight|Any CPU.ActiveCfg = Release|Any CPU
		{7716BCE9-A3D4-4359-A02E-94380BDF83C7}.Release.TestFlight|Any CPU.Build.0 = Release|Any CPU
		{7716BCE9-A3D4-4359-A02E-94380BDF83C7}.Release.TestFlight|iPhone.ActiveCfg = Release|Any CPU
		{7716BCE9-A3D4-4359-A02E-94380BDF83C7}.Release.TestFlight|iPhone.Build.0 = Release|Any CPU
		{7716BCE9-A3D4-4359-A02E-94380BDF83C7}.Release.TestFlight|iPhoneSimulator.ActiveCfg = Release|Any CPU
		{7716BCE9-A3D4-4359-A02E-94380BDF83C7}.Release.TestFlight|iPhoneSimulator.Build.0 = Release|Any CPU
		{7716BCE9-A3D4-4359-A02E-94380BDF83C7}.Release|Any CPU.ActiveCfg = Release|Any CPU
		{7716BCE9-A3D4-4359-A02E-94380BDF83C7}.Release|Any CPU.Build.0 = Release|Any CPU
		{7716BCE9-A3D4-4359-A02E-94380BDF83C7}.Release|iPhone.ActiveCfg = Release|Any CPU
		{7716BCE9-A3D4-4359-A02E-94380BDF83C7}.Release|iPhone.Build.0 = Release|Any CPU
		{7716BCE9-A3D4-4359-A02E-94380BDF83C7}.Release|iPhoneSimulator.ActiveCfg = Release|Any CPU
		{7716BCE9-A3D4-4359-A02E-94380BDF83C7}.Release|iPhoneSimulator.Build.0 = Release|Any CPU
		{7716BCE9-A3D4-4359-A02E-94380BDF83C7}.UnitTests|Any CPU.ActiveCfg = Debug|Any CPU
		{7716BCE9-A3D4-4359-A02E-94380BDF83C7}.UnitTests|Any CPU.Build.0 = Debug|Any CPU
		{7716BCE9-A3D4-4359-A02E-94380BDF83C7}.UnitTests|iPhone.ActiveCfg = Release|Any CPU
		{7716BCE9-A3D4-4359-A02E-94380BDF83C7}.UnitTests|iPhone.Build.0 = Release|Any CPU
		{7716BCE9-A3D4-4359-A02E-94380BDF83C7}.UnitTests|iPhoneSimulator.ActiveCfg = Release|Any CPU
		{7716BCE9-A3D4-4359-A02E-94380BDF83C7}.UnitTests|iPhoneSimulator.Build.0 = Release|Any CPU
		{80155A57-5BAF-4CF0-93CA-B9E99BA95E9F}.ApiTests|Any CPU.ActiveCfg = Debug|Any CPU
		{80155A57-5BAF-4CF0-93CA-B9E99BA95E9F}.ApiTests|iPhone.ActiveCfg = Release|Any CPU
		{80155A57-5BAF-4CF0-93CA-B9E99BA95E9F}.ApiTests|iPhone.Build.0 = Release|Any CPU
		{80155A57-5BAF-4CF0-93CA-B9E99BA95E9F}.ApiTests|iPhoneSimulator.ActiveCfg = Release|Any CPU
		{80155A57-5BAF-4CF0-93CA-B9E99BA95E9F}.ApiTests|iPhoneSimulator.Build.0 = Release|Any CPU
		{80155A57-5BAF-4CF0-93CA-B9E99BA95E9F}.Debug|Any CPU.ActiveCfg = Debug|Any CPU
		{80155A57-5BAF-4CF0-93CA-B9E99BA95E9F}.Debug|Any CPU.Build.0 = Debug|Any CPU
		{80155A57-5BAF-4CF0-93CA-B9E99BA95E9F}.Debug|iPhone.ActiveCfg = Debug|Any CPU
		{80155A57-5BAF-4CF0-93CA-B9E99BA95E9F}.Debug|iPhone.Build.0 = Debug|Any CPU
		{80155A57-5BAF-4CF0-93CA-B9E99BA95E9F}.Debug|iPhoneSimulator.ActiveCfg = Debug|Any CPU
		{80155A57-5BAF-4CF0-93CA-B9E99BA95E9F}.Debug|iPhoneSimulator.Build.0 = Debug|Any CPU
		{80155A57-5BAF-4CF0-93CA-B9E99BA95E9F}.Release.AdHoc.Giskard|Any CPU.ActiveCfg = Debug|Any CPU
		{80155A57-5BAF-4CF0-93CA-B9E99BA95E9F}.Release.AdHoc.Giskard|iPhone.ActiveCfg = Release|Any CPU
		{80155A57-5BAF-4CF0-93CA-B9E99BA95E9F}.Release.AdHoc.Giskard|iPhone.Build.0 = Release|Any CPU
		{80155A57-5BAF-4CF0-93CA-B9E99BA95E9F}.Release.AdHoc.Giskard|iPhoneSimulator.ActiveCfg = Release|Any CPU
		{80155A57-5BAF-4CF0-93CA-B9E99BA95E9F}.Release.AdHoc.Giskard|iPhoneSimulator.Build.0 = Release|Any CPU
		{80155A57-5BAF-4CF0-93CA-B9E99BA95E9F}.Release.AdHoc|Any CPU.ActiveCfg = Debug|Any CPU
		{80155A57-5BAF-4CF0-93CA-B9E99BA95E9F}.Release.AdHoc|iPhone.ActiveCfg = Release|Any CPU
		{80155A57-5BAF-4CF0-93CA-B9E99BA95E9F}.Release.AdHoc|iPhone.Build.0 = Release|Any CPU
		{80155A57-5BAF-4CF0-93CA-B9E99BA95E9F}.Release.AdHoc|iPhoneSimulator.ActiveCfg = Release|Any CPU
		{80155A57-5BAF-4CF0-93CA-B9E99BA95E9F}.Release.AdHoc|iPhoneSimulator.Build.0 = Release|Any CPU
		{80155A57-5BAF-4CF0-93CA-B9E99BA95E9F}.Release.AppStore|Any CPU.ActiveCfg = Release|Any CPU
		{80155A57-5BAF-4CF0-93CA-B9E99BA95E9F}.Release.AppStore|iPhone.ActiveCfg = Release|Any CPU
		{80155A57-5BAF-4CF0-93CA-B9E99BA95E9F}.Release.AppStore|iPhone.Build.0 = Release|Any CPU
		{80155A57-5BAF-4CF0-93CA-B9E99BA95E9F}.Release.AppStore|iPhoneSimulator.ActiveCfg = Release|Any CPU
		{80155A57-5BAF-4CF0-93CA-B9E99BA95E9F}.Release.AppStore|iPhoneSimulator.Build.0 = Release|Any CPU
		{80155A57-5BAF-4CF0-93CA-B9E99BA95E9F}.Release.PlayStore|Any CPU.ActiveCfg = Debug|Any CPU
		{80155A57-5BAF-4CF0-93CA-B9E99BA95E9F}.Release.PlayStore|iPhone.ActiveCfg = Release|Any CPU
		{80155A57-5BAF-4CF0-93CA-B9E99BA95E9F}.Release.PlayStore|iPhone.Build.0 = Release|Any CPU
		{80155A57-5BAF-4CF0-93CA-B9E99BA95E9F}.Release.PlayStore|iPhoneSimulator.ActiveCfg = Release|Any CPU
		{80155A57-5BAF-4CF0-93CA-B9E99BA95E9F}.Release.PlayStore|iPhoneSimulator.Build.0 = Release|Any CPU
		{80155A57-5BAF-4CF0-93CA-B9E99BA95E9F}.Release.TestFlight|Any CPU.ActiveCfg = Release|Any CPU
		{80155A57-5BAF-4CF0-93CA-B9E99BA95E9F}.Release.TestFlight|Any CPU.Build.0 = Release|Any CPU
		{80155A57-5BAF-4CF0-93CA-B9E99BA95E9F}.Release.TestFlight|iPhone.ActiveCfg = Release|Any CPU
		{80155A57-5BAF-4CF0-93CA-B9E99BA95E9F}.Release.TestFlight|iPhone.Build.0 = Release|Any CPU
		{80155A57-5BAF-4CF0-93CA-B9E99BA95E9F}.Release.TestFlight|iPhoneSimulator.ActiveCfg = Release|Any CPU
		{80155A57-5BAF-4CF0-93CA-B9E99BA95E9F}.Release.TestFlight|iPhoneSimulator.Build.0 = Release|Any CPU
		{80155A57-5BAF-4CF0-93CA-B9E99BA95E9F}.Release|Any CPU.ActiveCfg = Release|Any CPU
		{80155A57-5BAF-4CF0-93CA-B9E99BA95E9F}.Release|Any CPU.Build.0 = Release|Any CPU
		{80155A57-5BAF-4CF0-93CA-B9E99BA95E9F}.Release|iPhone.ActiveCfg = Release|Any CPU
		{80155A57-5BAF-4CF0-93CA-B9E99BA95E9F}.Release|iPhone.Build.0 = Release|Any CPU
		{80155A57-5BAF-4CF0-93CA-B9E99BA95E9F}.Release|iPhoneSimulator.ActiveCfg = Release|Any CPU
		{80155A57-5BAF-4CF0-93CA-B9E99BA95E9F}.Release|iPhoneSimulator.Build.0 = Release|Any CPU
		{80155A57-5BAF-4CF0-93CA-B9E99BA95E9F}.UnitTests|Any CPU.ActiveCfg = Debug|Any CPU
		{80155A57-5BAF-4CF0-93CA-B9E99BA95E9F}.UnitTests|Any CPU.Build.0 = Debug|Any CPU
		{80155A57-5BAF-4CF0-93CA-B9E99BA95E9F}.UnitTests|iPhone.ActiveCfg = Release|Any CPU
		{80155A57-5BAF-4CF0-93CA-B9E99BA95E9F}.UnitTests|iPhone.Build.0 = Release|Any CPU
		{80155A57-5BAF-4CF0-93CA-B9E99BA95E9F}.UnitTests|iPhoneSimulator.ActiveCfg = Release|Any CPU
		{80155A57-5BAF-4CF0-93CA-B9E99BA95E9F}.UnitTests|iPhoneSimulator.Build.0 = Release|Any CPU
		{09D75C0B-3367-4678-97EF-6EADE64AF09C}.ApiTests|Any CPU.ActiveCfg = Debug|Any CPU
		{09D75C0B-3367-4678-97EF-6EADE64AF09C}.ApiTests|iPhone.ActiveCfg = Release|Any CPU
		{09D75C0B-3367-4678-97EF-6EADE64AF09C}.ApiTests|iPhone.Build.0 = Release|Any CPU
		{09D75C0B-3367-4678-97EF-6EADE64AF09C}.ApiTests|iPhoneSimulator.ActiveCfg = Release|Any CPU
		{09D75C0B-3367-4678-97EF-6EADE64AF09C}.ApiTests|iPhoneSimulator.Build.0 = Release|Any CPU
		{09D75C0B-3367-4678-97EF-6EADE64AF09C}.Debug|Any CPU.ActiveCfg = Debug|Any CPU
		{09D75C0B-3367-4678-97EF-6EADE64AF09C}.Debug|Any CPU.Build.0 = Debug|Any CPU
		{09D75C0B-3367-4678-97EF-6EADE64AF09C}.Debug|iPhone.ActiveCfg = Debug|Any CPU
		{09D75C0B-3367-4678-97EF-6EADE64AF09C}.Debug|iPhone.Build.0 = Debug|Any CPU
		{09D75C0B-3367-4678-97EF-6EADE64AF09C}.Debug|iPhoneSimulator.ActiveCfg = Debug|Any CPU
		{09D75C0B-3367-4678-97EF-6EADE64AF09C}.Debug|iPhoneSimulator.Build.0 = Debug|Any CPU
		{09D75C0B-3367-4678-97EF-6EADE64AF09C}.Release.AdHoc.Giskard|Any CPU.ActiveCfg = Release|Any CPU
		{09D75C0B-3367-4678-97EF-6EADE64AF09C}.Release.AdHoc.Giskard|Any CPU.Build.0 = Release|Any CPU
		{09D75C0B-3367-4678-97EF-6EADE64AF09C}.Release.AdHoc.Giskard|iPhone.ActiveCfg = Release|Any CPU
		{09D75C0B-3367-4678-97EF-6EADE64AF09C}.Release.AdHoc.Giskard|iPhone.Build.0 = Release|Any CPU
		{09D75C0B-3367-4678-97EF-6EADE64AF09C}.Release.AdHoc.Giskard|iPhoneSimulator.ActiveCfg = Release|Any CPU
		{09D75C0B-3367-4678-97EF-6EADE64AF09C}.Release.AdHoc.Giskard|iPhoneSimulator.Build.0 = Release|Any CPU
		{09D75C0B-3367-4678-97EF-6EADE64AF09C}.Release.AdHoc|Any CPU.ActiveCfg = Release|Any CPU
		{09D75C0B-3367-4678-97EF-6EADE64AF09C}.Release.AdHoc|Any CPU.Build.0 = Release|Any CPU
		{09D75C0B-3367-4678-97EF-6EADE64AF09C}.Release.AdHoc|iPhone.ActiveCfg = Release|Any CPU
		{09D75C0B-3367-4678-97EF-6EADE64AF09C}.Release.AdHoc|iPhone.Build.0 = Release|Any CPU
		{09D75C0B-3367-4678-97EF-6EADE64AF09C}.Release.AdHoc|iPhoneSimulator.ActiveCfg = Release|Any CPU
		{09D75C0B-3367-4678-97EF-6EADE64AF09C}.Release.AdHoc|iPhoneSimulator.Build.0 = Release|Any CPU
		{09D75C0B-3367-4678-97EF-6EADE64AF09C}.Release.AppStore|Any CPU.ActiveCfg = Release|Any CPU
		{09D75C0B-3367-4678-97EF-6EADE64AF09C}.Release.AppStore|Any CPU.Build.0 = Release|Any CPU
		{09D75C0B-3367-4678-97EF-6EADE64AF09C}.Release.AppStore|iPhone.ActiveCfg = Release|Any CPU
		{09D75C0B-3367-4678-97EF-6EADE64AF09C}.Release.AppStore|iPhone.Build.0 = Release|Any CPU
		{09D75C0B-3367-4678-97EF-6EADE64AF09C}.Release.AppStore|iPhoneSimulator.ActiveCfg = Release|Any CPU
		{09D75C0B-3367-4678-97EF-6EADE64AF09C}.Release.AppStore|iPhoneSimulator.Build.0 = Release|Any CPU
		{09D75C0B-3367-4678-97EF-6EADE64AF09C}.Release.PlayStore|Any CPU.ActiveCfg = Release|Any CPU
		{09D75C0B-3367-4678-97EF-6EADE64AF09C}.Release.PlayStore|Any CPU.Build.0 = Release|Any CPU
		{09D75C0B-3367-4678-97EF-6EADE64AF09C}.Release.PlayStore|iPhone.ActiveCfg = Release|Any CPU
		{09D75C0B-3367-4678-97EF-6EADE64AF09C}.Release.PlayStore|iPhone.Build.0 = Release|Any CPU
		{09D75C0B-3367-4678-97EF-6EADE64AF09C}.Release.PlayStore|iPhoneSimulator.ActiveCfg = Release|Any CPU
		{09D75C0B-3367-4678-97EF-6EADE64AF09C}.Release.PlayStore|iPhoneSimulator.Build.0 = Release|Any CPU
		{09D75C0B-3367-4678-97EF-6EADE64AF09C}.Release.TestFlight|Any CPU.ActiveCfg = Release|Any CPU
		{09D75C0B-3367-4678-97EF-6EADE64AF09C}.Release.TestFlight|Any CPU.Build.0 = Release|Any CPU
		{09D75C0B-3367-4678-97EF-6EADE64AF09C}.Release.TestFlight|iPhone.ActiveCfg = Release|Any CPU
		{09D75C0B-3367-4678-97EF-6EADE64AF09C}.Release.TestFlight|iPhone.Build.0 = Release|Any CPU
		{09D75C0B-3367-4678-97EF-6EADE64AF09C}.Release.TestFlight|iPhoneSimulator.ActiveCfg = Release|Any CPU
		{09D75C0B-3367-4678-97EF-6EADE64AF09C}.Release.TestFlight|iPhoneSimulator.Build.0 = Release|Any CPU
		{09D75C0B-3367-4678-97EF-6EADE64AF09C}.Release|Any CPU.ActiveCfg = Release|Any CPU
		{09D75C0B-3367-4678-97EF-6EADE64AF09C}.Release|Any CPU.Build.0 = Release|Any CPU
		{09D75C0B-3367-4678-97EF-6EADE64AF09C}.Release|iPhone.ActiveCfg = Release|Any CPU
		{09D75C0B-3367-4678-97EF-6EADE64AF09C}.Release|iPhone.Build.0 = Release|Any CPU
		{09D75C0B-3367-4678-97EF-6EADE64AF09C}.Release|iPhoneSimulator.ActiveCfg = Release|Any CPU
		{09D75C0B-3367-4678-97EF-6EADE64AF09C}.Release|iPhoneSimulator.Build.0 = Release|Any CPU
		{09D75C0B-3367-4678-97EF-6EADE64AF09C}.UnitTests|Any CPU.ActiveCfg = Debug|Any CPU
		{09D75C0B-3367-4678-97EF-6EADE64AF09C}.UnitTests|Any CPU.Build.0 = Debug|Any CPU
		{09D75C0B-3367-4678-97EF-6EADE64AF09C}.UnitTests|iPhone.ActiveCfg = Release|Any CPU
		{09D75C0B-3367-4678-97EF-6EADE64AF09C}.UnitTests|iPhone.Build.0 = Release|Any CPU
		{09D75C0B-3367-4678-97EF-6EADE64AF09C}.UnitTests|iPhoneSimulator.ActiveCfg = Release|Any CPU
		{09D75C0B-3367-4678-97EF-6EADE64AF09C}.UnitTests|iPhoneSimulator.Build.0 = Release|Any CPU
		{CB2B0786-217F-455A-9349-0FC69468D3B6}.ApiTests|Any CPU.ActiveCfg = Debug|Any CPU
		{CB2B0786-217F-455A-9349-0FC69468D3B6}.ApiTests|iPhone.ActiveCfg = Release|Any CPU
		{CB2B0786-217F-455A-9349-0FC69468D3B6}.ApiTests|iPhone.Build.0 = Release|Any CPU
		{CB2B0786-217F-455A-9349-0FC69468D3B6}.ApiTests|iPhoneSimulator.ActiveCfg = Release|Any CPU
		{CB2B0786-217F-455A-9349-0FC69468D3B6}.ApiTests|iPhoneSimulator.Build.0 = Release|Any CPU
		{CB2B0786-217F-455A-9349-0FC69468D3B6}.Debug|Any CPU.ActiveCfg = Debug|Any CPU
		{CB2B0786-217F-455A-9349-0FC69468D3B6}.Debug|Any CPU.Build.0 = Debug|Any CPU
		{CB2B0786-217F-455A-9349-0FC69468D3B6}.Debug|iPhone.ActiveCfg = Debug|Any CPU
		{CB2B0786-217F-455A-9349-0FC69468D3B6}.Debug|iPhone.Build.0 = Debug|Any CPU
		{CB2B0786-217F-455A-9349-0FC69468D3B6}.Debug|iPhoneSimulator.ActiveCfg = Debug|Any CPU
		{CB2B0786-217F-455A-9349-0FC69468D3B6}.Debug|iPhoneSimulator.Build.0 = Debug|Any CPU
		{CB2B0786-217F-455A-9349-0FC69468D3B6}.Release.AdHoc.Giskard|Any CPU.ActiveCfg = Release|Any CPU
		{CB2B0786-217F-455A-9349-0FC69468D3B6}.Release.AdHoc.Giskard|Any CPU.Build.0 = Release|Any CPU
		{CB2B0786-217F-455A-9349-0FC69468D3B6}.Release.AdHoc.Giskard|iPhone.ActiveCfg = Release|Any CPU
		{CB2B0786-217F-455A-9349-0FC69468D3B6}.Release.AdHoc.Giskard|iPhone.Build.0 = Release|Any CPU
		{CB2B0786-217F-455A-9349-0FC69468D3B6}.Release.AdHoc.Giskard|iPhoneSimulator.ActiveCfg = Release|Any CPU
		{CB2B0786-217F-455A-9349-0FC69468D3B6}.Release.AdHoc.Giskard|iPhoneSimulator.Build.0 = Release|Any CPU
		{CB2B0786-217F-455A-9349-0FC69468D3B6}.Release.AdHoc|Any CPU.ActiveCfg = Release|Any CPU
		{CB2B0786-217F-455A-9349-0FC69468D3B6}.Release.AdHoc|Any CPU.Build.0 = Release|Any CPU
		{CB2B0786-217F-455A-9349-0FC69468D3B6}.Release.AdHoc|iPhone.ActiveCfg = Release|Any CPU
		{CB2B0786-217F-455A-9349-0FC69468D3B6}.Release.AdHoc|iPhone.Build.0 = Release|Any CPU
		{CB2B0786-217F-455A-9349-0FC69468D3B6}.Release.AdHoc|iPhoneSimulator.ActiveCfg = Release|Any CPU
		{CB2B0786-217F-455A-9349-0FC69468D3B6}.Release.AdHoc|iPhoneSimulator.Build.0 = Release|Any CPU
		{CB2B0786-217F-455A-9349-0FC69468D3B6}.Release.AppStore|Any CPU.ActiveCfg = Release|Any CPU
		{CB2B0786-217F-455A-9349-0FC69468D3B6}.Release.AppStore|Any CPU.Build.0 = Release|Any CPU
		{CB2B0786-217F-455A-9349-0FC69468D3B6}.Release.AppStore|iPhone.ActiveCfg = Release|Any CPU
		{CB2B0786-217F-455A-9349-0FC69468D3B6}.Release.AppStore|iPhone.Build.0 = Release|Any CPU
		{CB2B0786-217F-455A-9349-0FC69468D3B6}.Release.AppStore|iPhoneSimulator.ActiveCfg = Release|Any CPU
		{CB2B0786-217F-455A-9349-0FC69468D3B6}.Release.AppStore|iPhoneSimulator.Build.0 = Release|Any CPU
		{CB2B0786-217F-455A-9349-0FC69468D3B6}.Release.PlayStore|Any CPU.ActiveCfg = Release|Any CPU
		{CB2B0786-217F-455A-9349-0FC69468D3B6}.Release.PlayStore|Any CPU.Build.0 = Release|Any CPU
		{CB2B0786-217F-455A-9349-0FC69468D3B6}.Release.PlayStore|iPhone.ActiveCfg = Release|Any CPU
		{CB2B0786-217F-455A-9349-0FC69468D3B6}.Release.PlayStore|iPhone.Build.0 = Release|Any CPU
		{CB2B0786-217F-455A-9349-0FC69468D3B6}.Release.PlayStore|iPhoneSimulator.ActiveCfg = Release|Any CPU
		{CB2B0786-217F-455A-9349-0FC69468D3B6}.Release.PlayStore|iPhoneSimulator.Build.0 = Release|Any CPU
		{CB2B0786-217F-455A-9349-0FC69468D3B6}.Release.TestFlight|Any CPU.ActiveCfg = Release|Any CPU
		{CB2B0786-217F-455A-9349-0FC69468D3B6}.Release.TestFlight|Any CPU.Build.0 = Release|Any CPU
		{CB2B0786-217F-455A-9349-0FC69468D3B6}.Release.TestFlight|iPhone.ActiveCfg = Release|Any CPU
		{CB2B0786-217F-455A-9349-0FC69468D3B6}.Release.TestFlight|iPhone.Build.0 = Release|Any CPU
		{CB2B0786-217F-455A-9349-0FC69468D3B6}.Release.TestFlight|iPhoneSimulator.ActiveCfg = Release|Any CPU
		{CB2B0786-217F-455A-9349-0FC69468D3B6}.Release.TestFlight|iPhoneSimulator.Build.0 = Release|Any CPU
		{CB2B0786-217F-455A-9349-0FC69468D3B6}.Release|Any CPU.ActiveCfg = Release|Any CPU
		{CB2B0786-217F-455A-9349-0FC69468D3B6}.Release|Any CPU.Build.0 = Release|Any CPU
		{CB2B0786-217F-455A-9349-0FC69468D3B6}.Release|iPhone.ActiveCfg = Release|Any CPU
		{CB2B0786-217F-455A-9349-0FC69468D3B6}.Release|iPhone.Build.0 = Release|Any CPU
		{CB2B0786-217F-455A-9349-0FC69468D3B6}.Release|iPhoneSimulator.ActiveCfg = Release|Any CPU
		{CB2B0786-217F-455A-9349-0FC69468D3B6}.Release|iPhoneSimulator.Build.0 = Release|Any CPU
		{CB2B0786-217F-455A-9349-0FC69468D3B6}.UnitTests|Any CPU.ActiveCfg = Debug|Any CPU
		{CB2B0786-217F-455A-9349-0FC69468D3B6}.UnitTests|Any CPU.Build.0 = Debug|Any CPU
		{CB2B0786-217F-455A-9349-0FC69468D3B6}.UnitTests|iPhone.ActiveCfg = Release|Any CPU
		{CB2B0786-217F-455A-9349-0FC69468D3B6}.UnitTests|iPhone.Build.0 = Release|Any CPU
		{CB2B0786-217F-455A-9349-0FC69468D3B6}.UnitTests|iPhoneSimulator.ActiveCfg = Release|Any CPU
		{CB2B0786-217F-455A-9349-0FC69468D3B6}.UnitTests|iPhoneSimulator.Build.0 = Release|Any CPU
		{8E366E3C-7BE5-4962-9E0C-9094AE1FE2F4}.ApiTests|Any CPU.ActiveCfg = Debug|Any CPU
		{8E366E3C-7BE5-4962-9E0C-9094AE1FE2F4}.ApiTests|iPhone.ActiveCfg = Release|Any CPU
		{8E366E3C-7BE5-4962-9E0C-9094AE1FE2F4}.ApiTests|iPhone.Build.0 = Release|Any CPU
		{8E366E3C-7BE5-4962-9E0C-9094AE1FE2F4}.ApiTests|iPhoneSimulator.ActiveCfg = Release|Any CPU
		{8E366E3C-7BE5-4962-9E0C-9094AE1FE2F4}.ApiTests|iPhoneSimulator.Build.0 = Release|Any CPU
		{8E366E3C-7BE5-4962-9E0C-9094AE1FE2F4}.Debug|Any CPU.ActiveCfg = Debug|Any CPU
		{8E366E3C-7BE5-4962-9E0C-9094AE1FE2F4}.Debug|Any CPU.Build.0 = Debug|Any CPU
		{8E366E3C-7BE5-4962-9E0C-9094AE1FE2F4}.Debug|iPhone.ActiveCfg = Debug|Any CPU
		{8E366E3C-7BE5-4962-9E0C-9094AE1FE2F4}.Debug|iPhone.Build.0 = Debug|Any CPU
		{8E366E3C-7BE5-4962-9E0C-9094AE1FE2F4}.Debug|iPhoneSimulator.ActiveCfg = Debug|Any CPU
		{8E366E3C-7BE5-4962-9E0C-9094AE1FE2F4}.Debug|iPhoneSimulator.Build.0 = Debug|Any CPU
		{8E366E3C-7BE5-4962-9E0C-9094AE1FE2F4}.Release.AdHoc.Giskard|Any CPU.ActiveCfg = Debug|Any CPU
		{8E366E3C-7BE5-4962-9E0C-9094AE1FE2F4}.Release.AdHoc.Giskard|iPhone.ActiveCfg = Release|Any CPU
		{8E366E3C-7BE5-4962-9E0C-9094AE1FE2F4}.Release.AdHoc.Giskard|iPhone.Build.0 = Release|Any CPU
		{8E366E3C-7BE5-4962-9E0C-9094AE1FE2F4}.Release.AdHoc.Giskard|iPhoneSimulator.ActiveCfg = Release|Any CPU
		{8E366E3C-7BE5-4962-9E0C-9094AE1FE2F4}.Release.AdHoc.Giskard|iPhoneSimulator.Build.0 = Release|Any CPU
		{8E366E3C-7BE5-4962-9E0C-9094AE1FE2F4}.Release.AdHoc|Any CPU.ActiveCfg = Debug|Any CPU
		{8E366E3C-7BE5-4962-9E0C-9094AE1FE2F4}.Release.AdHoc|iPhone.ActiveCfg = Release|Any CPU
		{8E366E3C-7BE5-4962-9E0C-9094AE1FE2F4}.Release.AdHoc|iPhone.Build.0 = Release|Any CPU
		{8E366E3C-7BE5-4962-9E0C-9094AE1FE2F4}.Release.AdHoc|iPhoneSimulator.ActiveCfg = Release|Any CPU
		{8E366E3C-7BE5-4962-9E0C-9094AE1FE2F4}.Release.AdHoc|iPhoneSimulator.Build.0 = Release|Any CPU
		{8E366E3C-7BE5-4962-9E0C-9094AE1FE2F4}.Release.AppStore|Any CPU.ActiveCfg = Release|Any CPU
		{8E366E3C-7BE5-4962-9E0C-9094AE1FE2F4}.Release.AppStore|iPhone.ActiveCfg = Release|Any CPU
		{8E366E3C-7BE5-4962-9E0C-9094AE1FE2F4}.Release.AppStore|iPhone.Build.0 = Release|Any CPU
		{8E366E3C-7BE5-4962-9E0C-9094AE1FE2F4}.Release.AppStore|iPhoneSimulator.ActiveCfg = Release|Any CPU
		{8E366E3C-7BE5-4962-9E0C-9094AE1FE2F4}.Release.AppStore|iPhoneSimulator.Build.0 = Release|Any CPU
		{8E366E3C-7BE5-4962-9E0C-9094AE1FE2F4}.Release.PlayStore|Any CPU.ActiveCfg = Debug|Any CPU
		{8E366E3C-7BE5-4962-9E0C-9094AE1FE2F4}.Release.PlayStore|iPhone.ActiveCfg = Release|Any CPU
		{8E366E3C-7BE5-4962-9E0C-9094AE1FE2F4}.Release.PlayStore|iPhone.Build.0 = Release|Any CPU
		{8E366E3C-7BE5-4962-9E0C-9094AE1FE2F4}.Release.PlayStore|iPhoneSimulator.ActiveCfg = Release|Any CPU
		{8E366E3C-7BE5-4962-9E0C-9094AE1FE2F4}.Release.PlayStore|iPhoneSimulator.Build.0 = Release|Any CPU
		{8E366E3C-7BE5-4962-9E0C-9094AE1FE2F4}.Release.TestFlight|Any CPU.ActiveCfg = Release|Any CPU
		{8E366E3C-7BE5-4962-9E0C-9094AE1FE2F4}.Release.TestFlight|Any CPU.Build.0 = Release|Any CPU
		{8E366E3C-7BE5-4962-9E0C-9094AE1FE2F4}.Release.TestFlight|iPhone.ActiveCfg = Release|Any CPU
		{8E366E3C-7BE5-4962-9E0C-9094AE1FE2F4}.Release.TestFlight|iPhone.Build.0 = Release|Any CPU
		{8E366E3C-7BE5-4962-9E0C-9094AE1FE2F4}.Release.TestFlight|iPhoneSimulator.ActiveCfg = Release|Any CPU
		{8E366E3C-7BE5-4962-9E0C-9094AE1FE2F4}.Release.TestFlight|iPhoneSimulator.Build.0 = Release|Any CPU
		{8E366E3C-7BE5-4962-9E0C-9094AE1FE2F4}.Release|Any CPU.ActiveCfg = Release|Any CPU
		{8E366E3C-7BE5-4962-9E0C-9094AE1FE2F4}.Release|Any CPU.Build.0 = Release|Any CPU
		{8E366E3C-7BE5-4962-9E0C-9094AE1FE2F4}.Release|iPhone.ActiveCfg = Release|Any CPU
		{8E366E3C-7BE5-4962-9E0C-9094AE1FE2F4}.Release|iPhone.Build.0 = Release|Any CPU
		{8E366E3C-7BE5-4962-9E0C-9094AE1FE2F4}.Release|iPhoneSimulator.ActiveCfg = Release|Any CPU
		{8E366E3C-7BE5-4962-9E0C-9094AE1FE2F4}.Release|iPhoneSimulator.Build.0 = Release|Any CPU
		{8E366E3C-7BE5-4962-9E0C-9094AE1FE2F4}.UnitTests|Any CPU.ActiveCfg = Debug|Any CPU
		{8E366E3C-7BE5-4962-9E0C-9094AE1FE2F4}.UnitTests|Any CPU.Build.0 = Debug|Any CPU
		{8E366E3C-7BE5-4962-9E0C-9094AE1FE2F4}.UnitTests|iPhone.ActiveCfg = Release|Any CPU
		{8E366E3C-7BE5-4962-9E0C-9094AE1FE2F4}.UnitTests|iPhone.Build.0 = Release|Any CPU
		{8E366E3C-7BE5-4962-9E0C-9094AE1FE2F4}.UnitTests|iPhoneSimulator.ActiveCfg = Release|Any CPU
		{8E366E3C-7BE5-4962-9E0C-9094AE1FE2F4}.UnitTests|iPhoneSimulator.Build.0 = Release|Any CPU
		{10C71BAF-F3A0-4406-993A-710925AA2B3D}.ApiTests|Any CPU.ActiveCfg = Debug|Any CPU
		{10C71BAF-F3A0-4406-993A-710925AA2B3D}.ApiTests|Any CPU.Build.0 = Debug|Any CPU
		{10C71BAF-F3A0-4406-993A-710925AA2B3D}.ApiTests|iPhone.ActiveCfg = Debug|Any CPU
		{10C71BAF-F3A0-4406-993A-710925AA2B3D}.ApiTests|iPhone.Build.0 = Debug|Any CPU
		{10C71BAF-F3A0-4406-993A-710925AA2B3D}.ApiTests|iPhoneSimulator.ActiveCfg = Debug|Any CPU
		{10C71BAF-F3A0-4406-993A-710925AA2B3D}.ApiTests|iPhoneSimulator.Build.0 = Debug|Any CPU
		{10C71BAF-F3A0-4406-993A-710925AA2B3D}.Debug|Any CPU.ActiveCfg = Debug|Any CPU
		{10C71BAF-F3A0-4406-993A-710925AA2B3D}.Debug|Any CPU.Build.0 = Debug|Any CPU
		{10C71BAF-F3A0-4406-993A-710925AA2B3D}.Debug|iPhone.ActiveCfg = Debug|Any CPU
		{10C71BAF-F3A0-4406-993A-710925AA2B3D}.Debug|iPhone.Build.0 = Debug|Any CPU
		{10C71BAF-F3A0-4406-993A-710925AA2B3D}.Debug|iPhoneSimulator.ActiveCfg = Debug|Any CPU
		{10C71BAF-F3A0-4406-993A-710925AA2B3D}.Debug|iPhoneSimulator.Build.0 = Debug|Any CPU
		{10C71BAF-F3A0-4406-993A-710925AA2B3D}.Release.AdHoc.Giskard|Any CPU.ActiveCfg = Release|Any CPU
		{10C71BAF-F3A0-4406-993A-710925AA2B3D}.Release.AdHoc.Giskard|Any CPU.Build.0 = Release|Any CPU
		{10C71BAF-F3A0-4406-993A-710925AA2B3D}.Release.AdHoc.Giskard|iPhone.ActiveCfg = Release|Any CPU
		{10C71BAF-F3A0-4406-993A-710925AA2B3D}.Release.AdHoc.Giskard|iPhone.Build.0 = Release|Any CPU
		{10C71BAF-F3A0-4406-993A-710925AA2B3D}.Release.AdHoc.Giskard|iPhoneSimulator.ActiveCfg = Release|Any CPU
		{10C71BAF-F3A0-4406-993A-710925AA2B3D}.Release.AdHoc.Giskard|iPhoneSimulator.Build.0 = Release|Any CPU
		{10C71BAF-F3A0-4406-993A-710925AA2B3D}.Release.AdHoc|Any CPU.ActiveCfg = Release|Any CPU
		{10C71BAF-F3A0-4406-993A-710925AA2B3D}.Release.AdHoc|Any CPU.Build.0 = Release|Any CPU
		{10C71BAF-F3A0-4406-993A-710925AA2B3D}.Release.AdHoc|iPhone.ActiveCfg = Release|Any CPU
		{10C71BAF-F3A0-4406-993A-710925AA2B3D}.Release.AdHoc|iPhone.Build.0 = Release|Any CPU
		{10C71BAF-F3A0-4406-993A-710925AA2B3D}.Release.AdHoc|iPhoneSimulator.ActiveCfg = Release|Any CPU
		{10C71BAF-F3A0-4406-993A-710925AA2B3D}.Release.AdHoc|iPhoneSimulator.Build.0 = Release|Any CPU
		{10C71BAF-F3A0-4406-993A-710925AA2B3D}.Release.AppStore|Any CPU.ActiveCfg = Release|Any CPU
		{10C71BAF-F3A0-4406-993A-710925AA2B3D}.Release.AppStore|Any CPU.Build.0 = Release|Any CPU
		{10C71BAF-F3A0-4406-993A-710925AA2B3D}.Release.AppStore|iPhone.ActiveCfg = Release|Any CPU
		{10C71BAF-F3A0-4406-993A-710925AA2B3D}.Release.AppStore|iPhone.Build.0 = Release|Any CPU
		{10C71BAF-F3A0-4406-993A-710925AA2B3D}.Release.AppStore|iPhoneSimulator.ActiveCfg = Release|Any CPU
		{10C71BAF-F3A0-4406-993A-710925AA2B3D}.Release.AppStore|iPhoneSimulator.Build.0 = Release|Any CPU
		{10C71BAF-F3A0-4406-993A-710925AA2B3D}.Release.PlayStore|Any CPU.ActiveCfg = Release|Any CPU
		{10C71BAF-F3A0-4406-993A-710925AA2B3D}.Release.PlayStore|Any CPU.Build.0 = Release|Any CPU
		{10C71BAF-F3A0-4406-993A-710925AA2B3D}.Release.PlayStore|iPhone.ActiveCfg = Release|Any CPU
		{10C71BAF-F3A0-4406-993A-710925AA2B3D}.Release.PlayStore|iPhone.Build.0 = Release|Any CPU
		{10C71BAF-F3A0-4406-993A-710925AA2B3D}.Release.PlayStore|iPhoneSimulator.ActiveCfg = Release|Any CPU
		{10C71BAF-F3A0-4406-993A-710925AA2B3D}.Release.PlayStore|iPhoneSimulator.Build.0 = Release|Any CPU
		{10C71BAF-F3A0-4406-993A-710925AA2B3D}.Release.TestFlight|Any CPU.ActiveCfg = Release|Any CPU
		{10C71BAF-F3A0-4406-993A-710925AA2B3D}.Release.TestFlight|Any CPU.Build.0 = Release|Any CPU
		{10C71BAF-F3A0-4406-993A-710925AA2B3D}.Release.TestFlight|iPhone.ActiveCfg = Release|Any CPU
		{10C71BAF-F3A0-4406-993A-710925AA2B3D}.Release.TestFlight|iPhone.Build.0 = Release|Any CPU
		{10C71BAF-F3A0-4406-993A-710925AA2B3D}.Release.TestFlight|iPhoneSimulator.ActiveCfg = Release|Any CPU
		{10C71BAF-F3A0-4406-993A-710925AA2B3D}.Release.TestFlight|iPhoneSimulator.Build.0 = Release|Any CPU
		{10C71BAF-F3A0-4406-993A-710925AA2B3D}.Release|Any CPU.ActiveCfg = Release|Any CPU
		{10C71BAF-F3A0-4406-993A-710925AA2B3D}.Release|Any CPU.Build.0 = Release|Any CPU
		{10C71BAF-F3A0-4406-993A-710925AA2B3D}.Release|iPhone.ActiveCfg = Release|Any CPU
		{10C71BAF-F3A0-4406-993A-710925AA2B3D}.Release|iPhone.Build.0 = Release|Any CPU
		{10C71BAF-F3A0-4406-993A-710925AA2B3D}.Release|iPhoneSimulator.ActiveCfg = Release|Any CPU
		{10C71BAF-F3A0-4406-993A-710925AA2B3D}.Release|iPhoneSimulator.Build.0 = Release|Any CPU
		{10C71BAF-F3A0-4406-993A-710925AA2B3D}.UnitTests|Any CPU.ActiveCfg = Debug|Any CPU
		{10C71BAF-F3A0-4406-993A-710925AA2B3D}.UnitTests|Any CPU.Build.0 = Debug|Any CPU
		{10C71BAF-F3A0-4406-993A-710925AA2B3D}.UnitTests|iPhone.ActiveCfg = Debug|Any CPU
		{10C71BAF-F3A0-4406-993A-710925AA2B3D}.UnitTests|iPhone.Build.0 = Debug|Any CPU
		{10C71BAF-F3A0-4406-993A-710925AA2B3D}.UnitTests|iPhoneSimulator.ActiveCfg = Debug|Any CPU
		{10C71BAF-F3A0-4406-993A-710925AA2B3D}.UnitTests|iPhoneSimulator.Build.0 = Debug|Any CPU
	EndGlobalSection
	GlobalSection(SolutionProperties) = preSolution
		HideSolutionNode = FALSE
	EndGlobalSection
	GlobalSection(NestedProjects) = preSolution
		{0BA4407E-0470-4496-A80B-DE311A40A385} = {3F0F9AF5-998D-4F72-870E-A78DCECEA64F}
		{F8D36062-5AD3-4F2D-8E64-9ACB91C0BB50} = {3F0F9AF5-998D-4F72-870E-A78DCECEA64F}
		{B55DCFC1-9EA2-4289-B3EE-8979E0A9AB2E} = {3F0F9AF5-998D-4F72-870E-A78DCECEA64F}
		{128F799A-3060-4D72-9F14-93620F25E5E3} = {3F0F9AF5-998D-4F72-870E-A78DCECEA64F}
		{6AF7BE5E-AF9D-4EA7-AF7F-28D07B8DEF24} = {128F799A-3060-4D72-9F14-93620F25E5E3}
		{E90E4D61-D55E-4185-AE9E-C8977140694A} = {128F799A-3060-4D72-9F14-93620F25E5E3}
		{5ACEB155-9DD4-4309-BCC9-997A09950393} = {0BA4407E-0470-4496-A80B-DE311A40A385}
		{8598D5CB-4E3A-4F99-8E80-CC4EA8609ED8} = {0BA4407E-0470-4496-A80B-DE311A40A385}
		{C400D1A6-5DC5-4A92-8DD0-FF272D0D1189} = {0BA4407E-0470-4496-A80B-DE311A40A385}
		{3A603451-31B2-4975-9366-3212BEA78F57} = {F8D36062-5AD3-4F2D-8E64-9ACB91C0BB50}
		{7716BCE9-A3D4-4359-A02E-94380BDF83C7} = {F8D36062-5AD3-4F2D-8E64-9ACB91C0BB50}
		{80155A57-5BAF-4CF0-93CA-B9E99BA95E9F} = {F8D36062-5AD3-4F2D-8E64-9ACB91C0BB50}
		{09D75C0B-3367-4678-97EF-6EADE64AF09C} = {B55DCFC1-9EA2-4289-B3EE-8979E0A9AB2E}
		{CB2B0786-217F-455A-9349-0FC69468D3B6} = {B55DCFC1-9EA2-4289-B3EE-8979E0A9AB2E}
		{8E366E3C-7BE5-4962-9E0C-9094AE1FE2F4} = {B55DCFC1-9EA2-4289-B3EE-8979E0A9AB2E}
		{C5E5EAF5-9AAD-4C5A-BAA7-09770D54C43C} = {3F0F9AF5-998D-4F72-870E-A78DCECEA64F}
	EndGlobalSection
	GlobalSection(ExtensibilityGlobals) = postSolution
		SolutionGuid = {BB50A4AA-E2F8-4B5F-B68F-EE9BB6F3C440}
	EndGlobalSection
EndGlobal
